<?xml version="1.0" encoding="utf-8"?>
<Project ToolsVersion="4.0" xmlns="http://schemas.microsoft.com/developer/msbuild/2003">
  <ItemGroup>
    <Filter Include="源文件">
      <UniqueIdentifier>{4FC737F1-C7A5-4376-A066-2A32D752A2FF}</UniqueIdentifier>
      <Extensions>cpp;c;cc;cxx;def;odl;idl;hpj;bat;asm;asmx</Extensions>
    </Filter>
    <Filter Include="源文件\PR">
      <UniqueIdentifier>{8d8f4add-5f08-4f2a-a5ea-a8c634985388}</UniqueIdentifier>
    </Filter>
    <Filter Include="源文件\PR\Dialog">
      <UniqueIdentifier>{5242bbbf-8ddc-467d-a61d-1a16f50de4e1}</UniqueIdentifier>
    </Filter>
    <Filter Include="源文件\GR">
      <UniqueIdentifier>{0bb3c96c-986e-47ba-95d8-081bc975b0cc}</UniqueIdentifier>
      <Extensions>GR</Extensions>
    </Filter>
    <Filter Include="源文件\GR\Dialog">
      <UniqueIdentifier>{ab7f5993-e21c-4d17-aee2-39aa0a9b0d3b}</UniqueIdentifier>
    </Filter>
    <Filter Include="源文件\TU">
      <UniqueIdentifier>{de7e09d7-a9f7-45a6-a3d7-0caa25f64974}</UniqueIdentifier>
    </Filter>
    <Filter Include="源文件\TU\Dialog">
      <UniqueIdentifier>{fac182bc-22c3-466a-a8a5-846ef266fff7}</UniqueIdentifier>
    </Filter>
    <Filter Include="源文件\SU">
      <UniqueIdentifier>{735c7b18-e7de-4c90-8047-6094cf6e89c0}</UniqueIdentifier>
    </Filter>
    <Filter Include="源文件\SU\Dialog">
      <UniqueIdentifier>{b1cef9bb-443b-4432-ab5f-b0ec41a04d29}</UniqueIdentifier>
    </Filter>
    <Filter Include="头文件">
      <UniqueIdentifier>{93995380-89BD-4b04-88EB-625FBE52EBFB}</UniqueIdentifier>
      <Extensions>h;hpp;hxx;hm;inl;inc;xsd</Extensions>
    </Filter>
    <Filter Include="头文件\PR">
      <UniqueIdentifier>{435639af-e7c7-42ea-ab06-5b164d33d49d}</UniqueIdentifier>
      <Extensions>PR</Extensions>
    </Filter>
    <Filter Include="头文件\PR\Dialog">
      <UniqueIdentifier>{004d9350-3d40-4f5f-938c-2b022479d423}</UniqueIdentifier>
    </Filter>
    <Filter Include="头文件\TU">
      <UniqueIdentifier>{22eab363-c309-4f91-bea9-ff134826e51b}</UniqueIdentifier>
    </Filter>
    <Filter Include="头文件\TU\Dialog">
      <UniqueIdentifier>{a91fae23-0066-47da-8e94-ffb3c20c737f}</UniqueIdentifier>
    </Filter>
    <Filter Include="头文件\SU">
      <UniqueIdentifier>{2ff7fd19-75a5-4fe9-85ed-e96ebe1ee18c}</UniqueIdentifier>
    </Filter>
    <Filter Include="头文件\SU\Dialog">
      <UniqueIdentifier>{56a4b064-5a59-426e-8a12-1a5363c16f65}</UniqueIdentifier>
    </Filter>
    <Filter Include="头文件\GR">
      <UniqueIdentifier>{f73e3048-0eec-4ba7-8599-1bad4ce8ae3d}</UniqueIdentifier>
      <Extensions>GR</Extensions>
    </Filter>
    <Filter Include="头文件\GR\Dialog">
      <UniqueIdentifier>{81718158-cc5a-405c-8f49-94d4e61c1db4}</UniqueIdentifier>
    </Filter>
    <Filter Include="资源文件">
      <UniqueIdentifier>{67DA6AB6-F800-4c08-8B7A-83BB121AAD01}</UniqueIdentifier>
      <Extensions>rc;ico;cur;bmp;dlg;rc2;rct;bin;rgs;gif;jpg;jpeg;jpe;resx;tiff;tif;png;wav</Extensions>
    </Filter>
  </ItemGroup>
  <ItemGroup>
    <ClCompile Include="CalibrationDlg.cpp">
      <Filter>源文件</Filter>
    </ClCompile>
    <ClCompile Include="Client.cpp">
      <Filter>源文件</Filter>
    </ClCompile>
    <ClCompile Include="ClientThread.cpp">
      <Filter>源文件</Filter>
    </ClCompile>
    <ClCompile Include="ClientUI.cpp">
      <Filter>源文件</Filter>
    </ClCompile>
    <ClCompile Include="CurveDialog.cpp">
      <Filter>源文件</Filter>
    </ClCompile>
    <ClCompile Include="CustomDialogEx.cpp">
      <Filter>源文件</Filter>
    </ClCompile>
    <ClCompile Include="DeviceStatDlg.cpp">
      <Filter>源文件</Filter>
    </ClCompile>
    <ClCompile Include="SU\DeviceStatDlgSU.cpp">
      <Filter>源文件</Filter>
    </ClCompile>
    <ClCompile Include="DeviceStatWnd.cpp">
      <Filter>源文件</Filter>
    </ClCompile>
    <ClCompile Include="SU\DeviceStatWndSU.cpp">
      <Filter>源文件</Filter>
    </ClCompile>
    <ClCompile Include="ErrCounter.cpp">
      <Filter>源文件</Filter>
    </ClCompile>
    <ClCompile Include="Flow.cpp">
      <Filter>源文件</Filter>
    </ClCompile>
    <ClCompile Include="FlowBaxieer.cpp">
      <Filter>源文件</Filter>
    </ClCompile>
    <ClCompile Include="FlowDengkuanbaobi.cpp">
      <Filter>源文件</Filter>
    </ClCompile>
    <ClCompile Include="FlowJuxingbaobi.cpp">
      <Filter>源文件</Filter>
    </ClCompile>
    <ClCompile Include="FlowJuxingkuanding.cpp">
      <Filter>源文件</Filter>
    </ClCompile>
    <ClCompile Include="FlowSanjiaobaobi.cpp">
      <Filter>源文件</Filter>
    </ClCompile>
    <ClCompile Include="FlowSanjiaopoumian.cpp">
      <Filter>源文件</Filter>
    </ClCompile>
    <ClCompile Include="FlowVxingyan.cpp">
      <Filter>源文件</Filter>
    </ClCompile>
    <ClCompile Include="FlowWuhoudao.cpp">
      <Filter>源文件</Filter>
    </ClCompile>
    <ClCompile Include="FlowYuanyuan.cpp">
      <Filter>源文件</Filter>
    </ClCompile>
    <ClCompile Include="GlobalMessageBox.cpp">
      <Filter>源文件</Filter>
    </ClCompile>
    <ClCompile Include="GodaLoginDlg.cpp">
      <Filter>源文件</Filter>
    </ClCompile>
    <ClCompile Include="InfoDlg.cpp">
      <Filter>源文件</Filter>
    </ClCompile>
    <ClCompile Include="InputDlg.cpp">
      <Filter>源文件</Filter>
    </ClCompile>
    <ClCompile Include="MappingEditDlg.cpp">
      <Filter>源文件</Filter>
    </ClCompile>
    <ClCompile Include="MappingGenerateDlg.cpp">
      <Filter>源文件</Filter>
    </ClCompile>
    <ClCompile Include="MFC.cpp">
      <Filter>源文件</Filter>
    </ClCompile>
    <ClCompile Include="OperationDlg.cpp">
      <Filter>源文件</Filter>
    </ClCompile>
    <ClCompile Include="Packet.cpp">
      <Filter>源文件</Filter>
    </ClCompile>
    <ClCompile Include="Progress.cpp">
      <Filter>源文件</Filter>
    </ClCompile>
    <ClCompile Include="ProgressDlg.cpp">
      <Filter>源文件</Filter>
    </ClCompile>
    <ClCompile Include="ProgressThread.cpp">
      <Filter>源文件</Filter>
    </ClCompile>
    <ClCompile Include="ProtocolManage.cpp">
      <Filter>源文件</Filter>
    </ClCompile>
    <ClCompile Include="QtDlg.cpp">
      <Filter>源文件</Filter>
    </ClCompile>
    <ClCompile Include="Serial.cpp">
      <Filter>源文件</Filter>
    </ClCompile>
    <ClCompile Include="SerialPort.cpp">
      <Filter>源文件</Filter>
    </ClCompile>
    <ClCompile Include="Server.cpp">
      <Filter>源文件</Filter>
    </ClCompile>
    <ClCompile Include="ServerUI.cpp">
      <Filter>源文件</Filter>
    </ClCompile>
    <ClCompile Include="shockwaveflash.cpp">
      <Filter>源文件</Filter>
    </ClCompile>
    <ClCompile Include="SpytDlg.cpp">
      <Filter>源文件</Filter>
    </ClCompile>
    <ClCompile Include="stdafx.cpp">
      <Filter>源文件</Filter>
    </ClCompile>
    <ClCompile Include="UserManage.cpp">
      <Filter>源文件</Filter>
    </ClCompile>
    <ClCompile Include="UserManageDlg.cpp">
      <Filter>源文件</Filter>
    </ClCompile>
    <ClCompile Include="ZtDlg.cpp">
      <Filter>源文件</Filter>
    </ClCompile>
    <ClCompile Include="PR\ChildViewPR.cpp">
      <Filter>源文件\PR</Filter>
    </ClCompile>
    <ClCompile Include="PR\MainFrmPR.cpp">
      <Filter>源文件\PR</Filter>
    </ClCompile>
    <ClCompile Include="PR\Advanced1DlgPR.cpp">
      <Filter>源文件\PR\Dialog</Filter>
    </ClCompile>
    <ClCompile Include="PR\Advanced2DlgPR.cpp">
      <Filter>源文件\PR\Dialog</Filter>
    </ClCompile>
    <ClCompile Include="PR\ApplicationDlgPR.cpp">
      <Filter>源文件\PR\Dialog</Filter>
    </ClCompile>
    <ClCompile Include="PR\CurrentOutputDlgPR.cpp">
      <Filter>源文件\PR\Dialog</Filter>
    </ClCompile>
    <ClCompile Include="PR\DampingDlgPR.cpp">
      <Filter>源文件\PR\Dialog</Filter>
    </ClCompile>
    <ClCompile Include="PR\DiagnosisDlgPR.cpp">
      <Filter>源文件\PR\Dialog</Filter>
    </ClCompile>
    <ClCompile Include="PR\DisplayDlgPR.cpp">
      <Filter>源文件\PR\Dialog</Filter>
    </ClCompile>
    <ClCompile Include="PR\EchoCurveDlgPR.cpp">
      <Filter>源文件\PR\Dialog</Filter>
    </ClCompile>
    <ClCompile Include="PR\EchoDataDlgPR.cpp">
      <Filter>源文件\PR\Dialog</Filter>
    </ClCompile>
    <ClCompile Include="PR\FalseEchoDlgPR.cpp">
      <Filter>源文件\PR\Dialog</Filter>
    </ClCompile>
    <ClCompile Include="PR\LevelAdjustmentDlgPR.cpp">
      <Filter>源文件\PR\Dialog</Filter>
    </ClCompile>
    <ClCompile Include="PR\LinearizationDlgPR.cpp">
      <Filter>源文件\PR\Dialog</Filter>
    </ClCompile>
    <ClCompile Include="PR\OtherSettingsDlgPR.cpp">
      <Filter>源文件\PR\Dialog</Filter>
    </ClCompile>
    <ClCompile Include="PR\OutputMappingDlgPR.cpp">
      <Filter>源文件\PR\Dialog</Filter>
    </ClCompile>
    <ClCompile Include="PR\OutputWndPR.cpp">
      <Filter>源文件\PR\Dialog</Filter>
    </ClCompile>
    <ClCompile Include="PR\PinDlgPR.cpp">
      <Filter>源文件\PR\Dialog</Filter>
    </ClCompile>
    <ClCompile Include="PR\ResetDlgPR.cpp">
      <Filter>源文件\PR\Dialog</Filter>
    </ClCompile>
    <ClCompile Include="PR\ServiceOtherDlgPR.cpp">
      <Filter>源文件\PR\Dialog</Filter>
    </ClCompile>
    <ClCompile Include="PR\SimulateDlgPR.cpp">
      <Filter>源文件\PR\Dialog</Filter>
    </ClCompile>
    <ClCompile Include="PR\TrendDlgPR.cpp">
      <Filter>源文件\PR\Dialog</Filter>
    </ClCompile>
    <ClCompile Include="GR\ChildViewGR.cpp">
      <Filter>源文件\GR</Filter>
    </ClCompile>
    <ClCompile Include="GR\MainFrmGR.cpp">
      <Filter>源文件\GR</Filter>
    </ClCompile>
    <ClCompile Include="GR\Advanced1DlgGR.cpp">
      <Filter>源文件\GR\Dialog</Filter>
    </ClCompile>
    <ClCompile Include="GR\Advanced2DlgGR.cpp">
      <Filter>源文件\GR\Dialog</Filter>
    </ClCompile>
    <ClCompile Include="GR\ApplicationDlgGR.cpp">
      <Filter>源文件\GR\Dialog</Filter>
    </ClCompile>
    <ClCompile Include="GR\CurrentOutputDlgGR.cpp">
      <Filter>源文件\GR\Dialog</Filter>
    </ClCompile>
    <ClCompile Include="GR\DampingDlgGR.cpp">
      <Filter>源文件\GR\Dialog</Filter>
    </ClCompile>
    <ClCompile Include="GR\DiagnosisDlgGR.cpp">
      <Filter>源文件\GR\Dialog</Filter>
    </ClCompile>
    <ClCompile Include="GR\DisplayDlgGR.cpp">
      <Filter>源文件\GR\Dialog</Filter>
    </ClCompile>
    <ClCompile Include="GR\EchoCurveDlgGR.cpp">
      <Filter>源文件\GR\Dialog</Filter>
    </ClCompile>
    <ClCompile Include="GR\EchoDataDlgGR.cpp">
      <Filter>源文件\GR\Dialog</Filter>
    </ClCompile>
    <ClCompile Include="GR\FalseEchoDlgGR.cpp">
      <Filter>源文件\GR\Dialog</Filter>
    </ClCompile>
    <ClCompile Include="GR\LevelAdjustmentDlgGR.cpp">
      <Filter>源文件\GR\Dialog</Filter>
    </ClCompile>
    <ClCompile Include="GR\LinearizationDlgGR.cpp">
      <Filter>源文件\GR\Dialog</Filter>
    </ClCompile>
    <ClCompile Include="GR\OtherSettingsDlgGR.cpp">
      <Filter>源文件\GR\Dialog</Filter>
    </ClCompile>
    <ClCompile Include="GR\OutputMappingDlgGR.cpp">
      <Filter>源文件\GR\Dialog</Filter>
    </ClCompile>
    <ClCompile Include="GR\OutputWndGR.cpp">
      <Filter>源文件\GR\Dialog</Filter>
    </ClCompile>
    <ClCompile Include="GR\PinDlgGR.cpp">
      <Filter>源文件\GR\Dialog</Filter>
    </ClCompile>
    <ClCompile Include="GR\ResetDlgGR.cpp">
      <Filter>源文件\GR\Dialog</Filter>
    </ClCompile>
    <ClCompile Include="GR\ServiceOtherDlgGR.cpp">
      <Filter>源文件\GR\Dialog</Filter>
    </ClCompile>
    <ClCompile Include="GR\SimulateDlgGR.cpp">
      <Filter>源文件\GR\Dialog</Filter>
    </ClCompile>
    <ClCompile Include="GR\TrendDlgGR.cpp">
      <Filter>源文件\GR\Dialog</Filter>
    </ClCompile>
    <ClCompile Include="TU\ChildViewTU.cpp">
      <Filter>源文件\TU</Filter>
    </ClCompile>
    <ClCompile Include="TU\MainFrmTU.cpp">
      <Filter>源文件\TU</Filter>
    </ClCompile>
    <ClCompile Include="TU\Advanced1DlgTU.cpp">
      <Filter>源文件\TU\Dialog</Filter>
    </ClCompile>
    <ClCompile Include="TU\Advanced2DlgTU.cpp">
      <Filter>源文件\TU\Dialog</Filter>
    </ClCompile>
    <ClCompile Include="TU\ApplicationDlgTU.cpp">
      <Filter>源文件\TU\Dialog</Filter>
    </ClCompile>
    <ClCompile Include="TU\CurrentOutputDlgTU.cpp">
      <Filter>源文件\TU\Dialog</Filter>
    </ClCompile>
    <ClCompile Include="TU\DampingDlgTU.cpp">
      <Filter>源文件\TU\Dialog</Filter>
    </ClCompile>
    <ClCompile Include="TU\DiagnosisDlgTU.cpp">
      <Filter>源文件\TU\Dialog</Filter>
    </ClCompile>
    <ClCompile Include="TU\DisplayDlgTU.cpp">
      <Filter>源文件\TU\Dialog</Filter>
    </ClCompile>
    <ClCompile Include="TU\EchoCurveDlgTU.cpp">
      <Filter>源文件\TU\Dialog</Filter>
    </ClCompile>
    <ClCompile Include="TU\EchoDataDlgTU.cpp">
      <Filter>源文件\TU\Dialog</Filter>
    </ClCompile>
    <ClCompile Include="TU\FalseEchoDlgTU.cpp">
      <Filter>源文件\TU\Dialog</Filter>
    </ClCompile>
    <ClCompile Include="TU\LevelAdjustmentDlgTU.cpp">
      <Filter>源文件\TU\Dialog</Filter>
    </ClCompile>
    <ClCompile Include="TU\LinearizationDlgTU.cpp">
      <Filter>源文件\TU\Dialog</Filter>
    </ClCompile>
    <ClCompile Include="TU\OtherSettingsDlgTU.cpp">
      <Filter>源文件\TU\Dialog</Filter>
    </ClCompile>
    <ClCompile Include="TU\OutputMappingDlgTU.cpp">
      <Filter>源文件\TU\Dialog</Filter>
    </ClCompile>
    <ClCompile Include="TU\OutputWndTU.cpp">
      <Filter>源文件\TU\Dialog</Filter>
    </ClCompile>
    <ClCompile Include="TU\PinDlgTU.cpp">
      <Filter>源文件\TU\Dialog</Filter>
    </ClCompile>
    <ClCompile Include="TU\ResetDlgTU.cpp">
      <Filter>源文件\TU\Dialog</Filter>
    </ClCompile>
    <ClCompile Include="TU\ServiceOtherDlgTU.cpp">
      <Filter>源文件\TU\Dialog</Filter>
    </ClCompile>
    <ClCompile Include="TU\SimulateDlgTU.cpp">
      <Filter>源文件\TU\Dialog</Filter>
    </ClCompile>
    <ClCompile Include="TU\TrendDlgTU.cpp">
      <Filter>源文件\TU\Dialog</Filter>
    </ClCompile>
    <ClCompile Include="SU\ChildViewSU.cpp">
      <Filter>源文件\SU</Filter>
    </ClCompile>
    <ClCompile Include="SU\MainFrmSU.cpp">
      <Filter>源文件\SU</Filter>
    </ClCompile>
    <ClCompile Include="SU\Advanced1DlgSU.cpp">
      <Filter>源文件\SU\Dialog</Filter>
    </ClCompile>
    <ClCompile Include="SU\Advanced2DlgSU.cpp">
      <Filter>源文件\SU\Dialog</Filter>
    </ClCompile>
    <ClCompile Include="SU\ApplicationDlgSU.cpp">
      <Filter>源文件\SU\Dialog</Filter>
    </ClCompile>
    <ClCompile Include="SU\CurrentOutputDlgSU.cpp">
      <Filter>源文件\SU\Dialog</Filter>
    </ClCompile>
    <ClCompile Include="SU\DampingDlgSU.cpp">
      <Filter>源文件\SU\Dialog</Filter>
    </ClCompile>
    <ClCompile Include="SU\DiagnosisDlgSU.cpp">
      <Filter>源文件\SU\Dialog</Filter>
    </ClCompile>
    <ClCompile Include="SU\DisplayDlgSU.cpp">
      <Filter>源文件\SU\Dialog</Filter>
    </ClCompile>
    <ClCompile Include="SU\EchoCurveDlgSU.cpp">
      <Filter>源文件\SU\Dialog</Filter>
    </ClCompile>
    <ClCompile Include="SU\EchoDataDlgSU.cpp">
      <Filter>源文件\SU\Dialog</Filter>
    </ClCompile>
    <ClCompile Include="SU\FalseEchoDlgSU.cpp">
      <Filter>源文件\SU\Dialog</Filter>
    </ClCompile>
    <ClCompile Include="SU\LevelAdjustmentDlgSU.cpp">
      <Filter>源文件\SU\Dialog</Filter>
    </ClCompile>
    <ClCompile Include="SU\LinearizationDlgSU.cpp">
      <Filter>源文件\SU\Dialog</Filter>
    </ClCompile>
    <ClCompile Include="SU\OtherSettingsDlgSU.cpp">
      <Filter>源文件\SU\Dialog</Filter>
    </ClCompile>
    <ClCompile Include="SU\OutputMappingDlgSU.cpp">
      <Filter>源文件\SU\Dialog</Filter>
    </ClCompile>
    <ClCompile Include="SU\OutputWndSU.cpp">
      <Filter>源文件\SU\Dialog</Filter>
    </ClCompile>
    <ClCompile Include="SU\PinDlgSU.cpp">
      <Filter>源文件\SU\Dialog</Filter>
    </ClCompile>
    <ClCompile Include="SU\ResetDlgSU.cpp">
      <Filter>源文件\SU\Dialog</Filter>
    </ClCompile>
    <ClCompile Include="SU\ServiceOtherDlgSU.cpp">
      <Filter>源文件\SU\Dialog</Filter>
    </ClCompile>
    <ClCompile Include="SU\SimulateDlgSU.cpp">
      <Filter>源文件\SU\Dialog</Filter>
    </ClCompile>
    <ClCompile Include="SU\TrendDlgSU.cpp">
      <Filter>源文件\SU\Dialog</Filter>
    </ClCompile>
  </ItemGroup>
  <ItemGroup>
    <ClInclude Include="Client.h">
      <Filter>头文件</Filter>
    </ClInclude>
    <ClInclude Include="ClientSocket.h">
      <Filter>头文件</Filter>
    </ClInclude>
    <ClInclude Include="ClientThread.h">
      <Filter>头文件</Filter>
    </ClInclude>
    <ClInclude Include="ClientUI.h">
      <Filter>头文件</Filter>
    </ClInclude>
    <ClInclude Include="CurveDialog.h">
      <Filter>头文件</Filter>
    </ClInclude>
    <ClInclude Include="CustomDialogEx.h">
      <Filter>头文件</Filter>
    </ClInclude>
    <ClInclude Include="DeviceStatDlg.h">
      <Filter>头文件</Filter>
    </ClInclude>
    <ClInclude Include="DeviceStatWnd.h">
      <Filter>头文件</Filter>
    </ClInclude>
    <ClInclude Include="DMT_Debug.h">
      <Filter>头文件</Filter>
    </ClInclude>
    <ClInclude Include="ErrCounter.h">
      <Filter>头文件</Filter>
    </ClInclude>
    <ClInclude Include="Flow.h">
      <Filter>头文件</Filter>
    </ClInclude>
    <ClInclude Include="FlowBaxieer.h">
      <Filter>头文件</Filter>
    </ClInclude>
    <ClInclude Include="FlowDengkuanbaobi.h">
      <Filter>头文件</Filter>
    </ClInclude>
    <ClInclude Include="FlowJuxingbaobi.h">
      <Filter>头文件</Filter>
    </ClInclude>
    <ClInclude Include="FlowJuxingkuanding.h">
      <Filter>头文件</Filter>
    </ClInclude>
    <ClInclude Include="FlowSanjiaobaobi.h">
      <Filter>头文件</Filter>
    </ClInclude>
    <ClInclude Include="FlowSanjiaopoumian.h">
      <Filter>头文件</Filter>
    </ClInclude>
    <ClInclude Include="FlowVxingyan.h">
      <Filter>头文件</Filter>
    </ClInclude>
    <ClInclude Include="FlowWuhoudao.h">
      <Filter>头文件</Filter>
    </ClInclude>
    <ClInclude Include="FlowYuanyuan.h">
      <Filter>头文件</Filter>
    </ClInclude>
    <ClInclude Include="fluid_updated.h">
      <Filter>头文件</Filter>
    </ClInclude>
    <ClInclude Include="GlobalMessageBox.h">
      <Filter>头文件</Filter>
    </ClInclude>
    <ClInclude Include="GodaLoginDlg.h">
      <Filter>头文件</Filter>
    </ClInclude>
    <ClInclude Include="InfoDlg.h">
      <Filter>头文件</Filter>
    </ClInclude>
    <ClInclude Include="InputDlg.h">
      <Filter>头文件</Filter>
    </ClInclude>
    <ClInclude Include="MappingEditDlg.h">
      <Filter>头文件</Filter>
    </ClInclude>
    <ClInclude Include="MappingGenerateDlg.h">
      <Filter>头文件</Filter>
    </ClInclude>
    <ClInclude Include="MFC.h">
      <Filter>头文件</Filter>
    </ClInclude>
    <ClInclude Include="OperationDlg.h">
      <Filter>头文件</Filter>
    </ClInclude>
    <ClInclude Include="Packet.h">
      <Filter>头文件</Filter>
    </ClInclude>
    <ClInclude Include="Progress.h">
      <Filter>头文件</Filter>
    </ClInclude>
    <ClInclude Include="ProgressDlg.h">
      <Filter>头文件</Filter>
    </ClInclude>
    <ClInclude Include="ProgressThread.h">
      <Filter>头文件</Filter>
    </ClInclude>
    <ClInclude Include="ProtocolManage.h">
      <Filter>头文件</Filter>
    </ClInclude>
    <ClInclude Include="QtDlg.h">
      <Filter>头文件</Filter>
    </ClInclude>
    <ClInclude Include="Resource.h">
      <Filter>头文件</Filter>
    </ClInclude>
    <ClInclude Include="Serial.h">
      <Filter>头文件</Filter>
    </ClInclude>
    <ClInclude Include="serialport.h">
      <Filter>头文件</Filter>
    </ClInclude>
    <ClInclude Include="Server.h">
      <Filter>头文件</Filter>
    </ClInclude>
    <ClInclude Include="ServerSocket.h">
      <Filter>头文件</Filter>
    </ClInclude>
    <ClInclude Include="ServerUI.h">
      <Filter>头文件</Filter>
    </ClInclude>
    <ClInclude Include="shockwaveflash.h">
      <Filter>头文件</Filter>
    </ClInclude>
    <ClInclude Include="SpytDlg.h">
      <Filter>头文件</Filter>
    </ClInclude>
    <ClInclude Include="stdafx.h">
      <Filter>头文件</Filter>
    </ClInclude>
    <ClInclude Include="targetver.h">
      <Filter>头文件</Filter>
    </ClInclude>
    <ClInclude Include="UserManage.h">
      <Filter>头文件</Filter>
    </ClInclude>
    <ClInclude Include="UserManageDlg.h">
      <Filter>头文件</Filter>
    </ClInclude>
    <ClInclude Include="ZtDlg.h">
      <Filter>头文件</Filter>
    </ClInclude>
    <ClInclude Include="PR\ChildViewPR.h">
      <Filter>头文件\PR</Filter>
    </ClInclude>
    <ClInclude Include="PR\MainFrmPR.h">
      <Filter>头文件\PR</Filter>
    </ClInclude>
    <ClInclude Include="PR\Advanced1DlgPR.h">
      <Filter>头文件\PR\Dialog</Filter>
    </ClInclude>
    <ClInclude Include="PR\Advanced2DlgPR.h">
      <Filter>头文件\PR\Dialog</Filter>
    </ClInclude>
    <ClInclude Include="PR\ApplicationDlgPR.h">
      <Filter>头文件\PR\Dialog</Filter>
    </ClInclude>
    <ClInclude Include="PR\CurrentOutputDlgPR.h">
      <Filter>头文件\PR\Dialog</Filter>
    </ClInclude>
    <ClInclude Include="PR\DampingDlgPR.h">
      <Filter>头文件\PR\Dialog</Filter>
    </ClInclude>
    <ClInclude Include="PR\DiagnosisDlgPR.h">
      <Filter>头文件\PR\Dialog</Filter>
    </ClInclude>
    <ClInclude Include="PR\DisplayDlgPR.h">
      <Filter>头文件\PR\Dialog</Filter>
    </ClInclude>
    <ClInclude Include="PR\EchoCurveDlgPR.h">
      <Filter>头文件\PR\Dialog</Filter>
    </ClInclude>
    <ClInclude Include="PR\EchoDataDlgPR.h">
      <Filter>头文件\PR\Dialog</Filter>
    </ClInclude>
    <ClInclude Include="PR\FalseEchoDlgPR.h">
      <Filter>头文件\PR\Dialog</Filter>
    </ClInclude>
    <ClInclude Include="PR\LevelAdjustmentDlgPR.h">
      <Filter>头文件\PR\Dialog</Filter>
    </ClInclude>
    <ClInclude Include="PR\LinearizationDlgPR.h">
      <Filter>头文件\PR\Dialog</Filter>
    </ClInclude>
    <ClInclude Include="PR\OtherSettingsDlgPR.h">
      <Filter>头文件\PR\Dialog</Filter>
    </ClInclude>
    <ClInclude Include="PR\OutputMappingDlgPR.h">
      <Filter>头文件\PR\Dialog</Filter>
    </ClInclude>
    <ClInclude Include="PR\OutputWndPR.h">
      <Filter>头文件\PR\Dialog</Filter>
    </ClInclude>
    <ClInclude Include="PR\PinDlgPR.h">
      <Filter>头文件\PR\Dialog</Filter>
    </ClInclude>
    <ClInclude Include="PR\ResetDlgPR.h">
      <Filter>头文件\PR\Dialog</Filter>
    </ClInclude>
    <ClInclude Include="PR\ServiceOtherDlgPR.h">
      <Filter>头文件\PR\Dialog</Filter>
    </ClInclude>
    <ClInclude Include="PR\SimulateDlgPR.h">
      <Filter>头文件\PR\Dialog</Filter>
    </ClInclude>
    <ClInclude Include="PR\TrendDlgPR.h">
      <Filter>头文件\PR\Dialog</Filter>
    </ClInclude>
    <ClInclude Include="CalibrationDlg.h">
      <Filter>头文件\TU</Filter>
    </ClInclude>
    <ClInclude Include="TU\ChildViewTU.h">
      <Filter>头文件\TU</Filter>
    </ClInclude>
    <ClInclude Include="TU\MainFrmTU.h">
      <Filter>头文件\TU</Filter>
    </ClInclude>
    <ClInclude Include="TU\Advanced1DlgTU.h">
      <Filter>头文件\TU\Dialog</Filter>
    </ClInclude>
    <ClInclude Include="TU\Advanced2DlgTU.h">
      <Filter>头文件\TU\Dialog</Filter>
    </ClInclude>
    <ClInclude Include="TU\ApplicationDlgTU.h">
      <Filter>头文件\TU\Dialog</Filter>
    </ClInclude>
    <ClInclude Include="TU\CurrentOutputDlgTU.h">
      <Filter>头文件\TU\Dialog</Filter>
    </ClInclude>
    <ClInclude Include="TU\DampingDlgTU.h">
      <Filter>头文件\TU\Dialog</Filter>
    </ClInclude>
    <ClInclude Include="TU\DiagnosisDlgTU.h">
      <Filter>头文件\TU\Dialog</Filter>
    </ClInclude>
    <ClInclude Include="TU\DisplayDlgTU.h">
      <Filter>头文件\TU\Dialog</Filter>
    </ClInclude>
    <ClInclude Include="TU\EchoCurveDlgTU.h">
      <Filter>头文件\TU\Dialog</Filter>
    </ClInclude>
    <ClInclude Include="TU\EchoDataDlgTU.h">
      <Filter>头文件\TU\Dialog</Filter>
    </ClInclude>
    <ClInclude Include="TU\FalseEchoDlgTU.h">
      <Filter>头文件\TU\Dialog</Filter>
    </ClInclude>
    <ClInclude Include="TU\LevelAdjustmentDlgTU.h">
      <Filter>头文件\TU\Dialog</Filter>
    </ClInclude>
    <ClInclude Include="TU\LinearizationDlgTU.h">
      <Filter>头文件\TU\Dialog</Filter>
    </ClInclude>
    <ClInclude Include="TU\OtherSettingsDlgTU.h">
      <Filter>头文件\TU\Dialog</Filter>
    </ClInclude>
    <ClInclude Include="TU\OutputMappingDlgTU.h">
      <Filter>头文件\TU\Dialog</Filter>
    </ClInclude>
    <ClInclude Include="TU\OutputWndTU.h">
      <Filter>头文件\TU\Dialog</Filter>
    </ClInclude>
    <ClInclude Include="TU\PinDlgTU.h">
      <Filter>头文件\TU\Dialog</Filter>
    </ClInclude>
    <ClInclude Include="TU\ResetDlgTU.h">
      <Filter>头文件\TU\Dialog</Filter>
    </ClInclude>
    <ClInclude Include="TU\ServiceOtherDlgTU.h">
      <Filter>头文件\TU\Dialog</Filter>
    </ClInclude>
    <ClInclude Include="TU\SimulateDlgTU.h">
      <Filter>头文件\TU\Dialog</Filter>
    </ClInclude>
    <ClInclude Include="TU\TrendDlgTU.h">
      <Filter>头文件\TU\Dialog</Filter>
    </ClInclude>
    <ClInclude Include="SU\ChildViewSU.h">
      <Filter>头文件\SU</Filter>
    </ClInclude>
    <ClInclude Include="SU\MainFrmSU.h">
      <Filter>头文件\SU</Filter>
    </ClInclude>
    <ClInclude Include="SU\Advanced1DlgSU.h">
      <Filter>头文件\SU\Dialog</Filter>
    </ClInclude>
    <ClInclude Include="SU\Advanced2DlgSU.h">
      <Filter>头文件\SU\Dialog</Filter>
    </ClInclude>
    <ClInclude Include="SU\ApplicationDlgSU.h">
      <Filter>头文件\SU\Dialog</Filter>
    </ClInclude>
    <ClInclude Include="SU\CurrentOutputDlgSU.h">
      <Filter>头文件\SU\Dialog</Filter>
    </ClInclude>
    <ClInclude Include="SU\DampingDlgSU.h">
      <Filter>头文件\SU\Dialog</Filter>
    </ClInclude>
    <ClInclude Include="SU\DeviceStatDlgSU.h">
      <Filter>头文件\SU\Dialog</Filter>
    </ClInclude>
    <ClInclude Include="SU\DeviceStatWndSU.h">
      <Filter>头文件\SU\Dialog</Filter>
    </ClInclude>
    <ClInclude Include="SU\DiagnosisDlgSU.h">
      <Filter>头文件\SU\Dialog</Filter>
    </ClInclude>
    <ClInclude Include="SU\DisplayDlgSU.h">
      <Filter>头文件\SU\Dialog</Filter>
    </ClInclude>
    <ClInclude Include="SU\EchoCurveDlgSU.h">
      <Filter>头文件\SU\Dialog</Filter>
    </ClInclude>
    <ClInclude Include="SU\EchoDataDlgSU.h">
      <Filter>头文件\SU\Dialog</Filter>
    </ClInclude>
    <ClInclude Include="SU\FalseEchoDlgSU.h">
      <Filter>头文件\SU\Dialog</Filter>
    </ClInclude>
    <ClInclude Include="SU\LevelAdjustmentDlgSU.h">
      <Filter>头文件\SU\Dialog</Filter>
    </ClInclude>
    <ClInclude Include="SU\LinearizationDlgSU.h">
      <Filter>头文件\SU\Dialog</Filter>
    </ClInclude>
    <ClInclude Include="SU\OtherSettingsDlgSU.h">
      <Filter>头文件\SU\Dialog</Filter>
    </ClInclude>
    <ClInclude Include="SU\OutputMappingDlgSU.h">
      <Filter>头文件\SU\Dialog</Filter>
    </ClInclude>
    <ClInclude Include="SU\OutputWndSU.h">
      <Filter>头文件\SU\Dialog</Filter>
    </ClInclude>
    <ClInclude Include="SU\PinDlgSU.h">
      <Filter>头文件\SU\Dialog</Filter>
    </ClInclude>
    <ClInclude Include="SU\PropertiesWndSU.h">
      <Filter>头文件\SU\Dialog</Filter>
    </ClInclude>
    <ClInclude Include="SU\ResetDlgSU.h">
      <Filter>头文件\SU\Dialog</Filter>
    </ClInclude>
    <ClInclude Include="SU\ServiceOtherDlgSU.h">
      <Filter>头文件\SU\Dialog</Filter>
    </ClInclude>
    <ClInclude Include="SU\SimulateDlgSU.h">
      <Filter>头文件\SU\Dialog</Filter>
    </ClInclude>
    <ClInclude Include="SU\TrendDlgSU.h">
      <Filter>头文件\SU\Dialog</Filter>
    </ClInclude>
    <ClInclude Include="GR\ChildViewGR.h">
      <Filter>头文件\GR</Filter>
    </ClInclude>
    <ClInclude Include="GR\MainFrmGR.h">
      <Filter>头文件\GR</Filter>
    </ClInclude>
    <ClInclude Include="GR\Advanced1DlgGR.h">
      <Filter>头文件\GR\Dialog</Filter>
    </ClInclude>
    <ClInclude Include="GR\Advanced2DlgGR.h">
      <Filter>头文件\GR\Dialog</Filter>
    </ClInclude>
    <ClInclude Include="GR\ApplicationDlgGR.h">
      <Filter>头文件\GR\Dialog</Filter>
    </ClInclude>
    <ClInclude Include="GR\CurrentOutputDlgGR.h">
      <Filter>头文件\GR\Dialog</Filter>
    </ClInclude>
    <ClInclude Include="GR\DampingDlgGR.h">
      <Filter>头文件\GR\Dialog</Filter>
    </ClInclude>
    <ClInclude Include="GR\DiagnosisDlgGR.h">
      <Filter>头文件\GR\Dialog</Filter>
    </ClInclude>
    <ClInclude Include="GR\DisplayDlgGR.h">
      <Filter>头文件\GR\Dialog</Filter>
    </ClInclude>
    <ClInclude Include="GR\EchoCurveDlgGR.h">
      <Filter>头文件\GR\Dialog</Filter>
    </ClInclude>
    <ClInclude Include="GR\EchoDataDlgGR.h">
      <Filter>头文件\GR\Dialog</Filter>
    </ClInclude>
    <ClInclude Include="GR\FalseEchoDlgGR.h">
      <Filter>头文件\GR\Dialog</Filter>
    </ClInclude>
    <ClInclude Include="GR\LevelAdjustmentDlgGR.h">
      <Filter>头文件\GR\Dialog</Filter>
    </ClInclude>
    <ClInclude Include="GR\LinearizationDlgGR.h">
      <Filter>头文件\GR\Dialog</Filter>
    </ClInclude>
    <ClInclude Include="GR\OtherSettingsDlgGR.h">
      <Filter>头文件\GR\Dialog</Filter>
    </ClInclude>
    <ClInclude Include="GR\OutputMappingDlgGR.h">
      <Filter>头文件\GR\Dialog</Filter>
    </ClInclude>
    <ClInclude Include="GR\OutputWndGR.h">
      <Filter>头文件\GR\Dialog</Filter>
    </ClInclude>
    <ClInclude Include="GR\PinDlgGR.h">
      <Filter>头文件\GR\Dialog</Filter>
    </ClInclude>
    <ClInclude Include="GR\ResetDlgGR.h">
      <Filter>头文件\GR\Dialog</Filter>
    </ClInclude>
    <ClInclude Include="GR\ServiceOtherDlgGR.h">
      <Filter>头文件\GR\Dialog</Filter>
    </ClInclude>
    <ClInclude Include="GR\SimulateDlgGR.h">
      <Filter>头文件\GR\Dialog</Filter>
    </ClInclude>
    <ClInclude Include="GR\TrendDlgGR.h">
      <Filter>头文件\GR\Dialog</Filter>
    </ClInclude>
  </ItemGroup>
  <ItemGroup>
    <Image Include="res\bitmap1.bmp">
      <Filter>资源文件</Filter>
    </Image>
    <Image Include="res\bitmap15.bmp">
      <Filter>资源文件</Filter>
    </Image>
    <Image Include="res\bitmap2.bmp">
      <Filter>资源文件</Filter>
    </Image>
    <Image Include="res\bitmap5.bmp">
      <Filter>资源文件</Filter>
    </Image>
    <Image Include="res\bmp00001.bmp">
      <Filter>资源文件</Filter>
    </Image>
    <Image Include="res\buttons.bmp">
      <Filter>资源文件</Filter>
    </Image>
    <Image Include="res\connect.bmp">
      <Filter>资源文件</Filter>
    </Image>
    <Image Include="res\DURKO.ico">
      <Filter>资源文件</Filter>
    </Image>
    <Image Include="res\DURKO_Logo.bmp">
      <Filter>资源文件</Filter>
    </Image>
    <Image Include="res\filelarge.bmp">
      <Filter>资源文件</Filter>
    </Image>
    <Image Include="res\filesmall.bmp">
      <Filter>资源文件</Filter>
    </Image>
    <Image Include="res\GR.bmp">
      <Filter>资源文件</Filter>
    </Image>
    <Image Include="res\head.bmp">
      <Filter>资源文件</Filter>
    </Image>
    <Image Include="res\hg.ico">
      <Filter>资源文件</Filter>
    </Image>
    <Image Include="res\icon1.ico">
      <Filter>资源文件</Filter>
    </Image>
    <Image Include="res\icon2.ico">
      <Filter>资源文件</Filter>
    </Image>
    <Image Include="res\main.bmp">
      <Filter>资源文件</Filter>
    </Image>
    <Image Include="res\MFC.ico">
      <Filter>资源文件</Filter>
    </Image>
    <Image Include="res\PR.bmp">
      <Filter>资源文件</Filter>
    </Image>
    <Image Include="res\properties.bmp">
      <Filter>资源文件</Filter>
    </Image>
    <Image Include="res\properties_hc.bmp">
      <Filter>资源文件</Filter>
    </Image>
    <Image Include="res\properties_wnd.ico">
      <Filter>资源文件</Filter>
    </Image>
    <Image Include="res\properties_wnd_hc.ico">
      <Filter>资源文件</Filter>
    </Image>
    <Image Include="res\redflag1.bmp">
      <Filter>资源文件</Filter>
    </Image>
    <Image Include="res\redflag2.bmp">
      <Filter>资源文件</Filter>
    </Image>
    <Image Include="res\SU.bmp">
      <Filter>资源文件</Filter>
    </Image>
    <Image Include="res\Toolbar.bmp">
      <Filter>资源文件</Filter>
    </Image>
    <Image Include="res\Toolbar256.bmp">
      <Filter>资源文件</Filter>
    </Image>
    <Image Include="res\TU.bmp">
      <Filter>资源文件</Filter>
    </Image>
    <Image Include="..\..\..\Documents and Settings\Administrator\My Documents\V形堰.bmp">
      <Filter>资源文件</Filter>
    </Image>
    <Image Include="V形堰.bmp">
      <Filter>资源文件</Filter>
    </Image>
    <Image Include="res\writelarge.bmp">
      <Filter>资源文件</Filter>
    </Image>
    <Image Include="res\writesmall.bmp">
      <Filter>资源文件</Filter>
    </Image>
    <Image Include="三角形剖面.bmp">
      <Filter>资源文件</Filter>
    </Image>
    <Image Include="..\..\..\Documents and Settings\Administrator\My Documents\三角形剖面.bmp">
      <Filter>资源文件</Filter>
    </Image>
    <Image Include="..\..\..\Documents and Settings\Administrator\My Documents\三角薄壁.bmp">
      <Filter>资源文件</Filter>
    </Image>
    <Image Include="三角薄壁.bmp">
      <Filter>资源文件</Filter>
    </Image>
    <Image Include="圆缘宽顶堰.bmp">
      <Filter>资源文件</Filter>
    </Image>
    <Image Include="巴歇尔.bmp">
      <Filter>资源文件</Filter>
    </Image>
    <Image Include="..\..\..\Documents and Settings\Administrator\My Documents\无喉道.bmp">
      <Filter>资源文件</Filter>
    </Image>
    <Image Include="无喉道.bmp">
      <Filter>资源文件</Filter>
    </Image>
    <Image Include="res\水平圆筒.bmp">
      <Filter>资源文件</Filter>
    </Image>
    <Image Include="res\球体.bmp">
      <Filter>资源文件</Filter>
    </Image>
    <Image Include="..\..\..\Documents and Settings\Administrator\My Documents\矩形宽顶.bmp">
      <Filter>资源文件</Filter>
    </Image>
    <Image Include="矩形宽顶.bmp">
      <Filter>资源文件</Filter>
    </Image>
    <Image Include="矩形薄壁.bmp">
      <Filter>资源文件</Filter>
    </Image>
    <Image Include="..\..\..\Documents and Settings\Administrator\My Documents\矩形薄壁.bmp">
      <Filter>资源文件</Filter>
    </Image>
    <Image Include="等宽薄壁.bmp">
      <Filter>资源文件</Filter>
    </Image>
    <Image Include="..\..\..\Documents and Settings\Administrator\My Documents\等宽薄壁.bmp">
      <Filter>资源文件</Filter>
    </Image>
    <Image Include="res\锥筒.bmp">
      <Filter>资源文件</Filter>
    </Image>
  </ItemGroup>
  <ItemGroup>
    <ResourceCompile Include="MFC.rc">
      <Filter>资源文件</Filter>
    </ResourceCompile>
    <ResourceCompile Include="MFC_EN.rc">
      <Filter>资源文件</Filter>
    </ResourceCompile>
    <ResourceCompile Include="MFC_TK.rc">
      <Filter>资源文件</Filter>
    </ResourceCompile>
  </ItemGroup>
  <ItemGroup>
    <Text Include="ReadMe.txt" />
  </ItemGroup>
  <ItemGroup>
    <CustomBuild Include="res\MFC.rc2">
      <Filter>资源文件</Filter>
    </CustomBuild>
  </ItemGroup>
</Project>