
Microsoft Visual Studio Solution File, Format Version 12.00
# Visual Studio 15
VisualStudioVersion = 15.0.28010.2036
MinimumVisualStudioVersion = 10.0.40219.1
Project("{8BC9CEB8-8B4A-11D0-8D11-00A0C91BC942}") = "SimulateTDU", "SimulateTDU.vcxproj", "{4CAF82F3-3A81-11D7-A57C-00A0CC74FA2C}"
EndProject
Global
	GlobalSection(SolutionConfigurationPlatforms) = preSolution
		Debug|x86 = Debug|x86
		Release|x86 = Release|x86
		Utvikling|x86 = Utvikling|x86
	EndGlobalSection
	GlobalSection(ProjectConfigurationPlatforms) = postSolution
		{4CAF82F3-3A81-11D7-A57C-00A0CC74FA2C}.Debug|x86.ActiveCfg = Debug|Win32
		{4CAF82F3-3A81-11D7-A57C-00A0CC74FA2C}.Debug|x86.Build.0 = Debug|Win32
		{4CAF82F3-3A81-11D7-A57C-00A0CC74FA2C}.Release|x86.ActiveCfg = Release|Win32
		{4CAF82F3-3A81-11D7-A57C-00A0CC74FA2C}.Release|x86.Build.0 = Release|Win32
		{4CAF82F3-3A81-11D7-A57C-00A0CC74FA2C}.Utvikling|x86.ActiveCfg = Utvikling|Win32
		{4CAF82F3-3A81-11D7-A57C-00A0CC74FA2C}.Utvikling|x86.Build.0 = Utvikling|Win32
	EndGlobalSection
	GlobalSection(SolutionProperties) = preSolution
		HideSolutionNode = FALSE
	EndGlobalSection
	GlobalSection(ExtensibilityGlobals) = postSolution
		SolutionGuid = {B5BA627B-D4B6-447A-AD10-D614CAA4E41E}
	EndGlobalSection
EndGlobal
