
Microsoft Visual Studio Solution File, Format Version 12.00
# Visual Studio 15
VisualStudioVersion = 15.0.28010.2003
MinimumVisualStudioVersion = 10.0.40219.1
Project("{FAE04EC0-301F-11D3-BF4B-00C04F79EFBC}") = "Arrange_measure_data", "Arrange_measure_data\Arrange_measure_data.csproj", "{B84E2C70-08CA-455F-9416-73EEA1CB8238}"
EndProject
Global
	GlobalSection(SolutionConfigurationPlatforms) = preSolution
		Debug|Any CPU = Debug|Any CPU
		Release|Any CPU = Release|Any CPU
	EndGlobalSection
	GlobalSection(ProjectConfigurationPlatforms) = postSolution
		{B84E2C70-08CA-455F-9416-73EEA1CB8238}.Debug|Any CPU.ActiveCfg = Debug|Any CPU
		{B84E2C70-08CA-455F-9416-73EEA1CB8238}.Debug|Any CPU.Build.0 = Debug|Any CPU
		{B84E2C70-08CA-455F-9416-73EEA1CB8238}.Release|Any CPU.ActiveCfg = Release|Any CPU
		{B84E2C70-08CA-455F-9416-73EEA1CB8238}.Release|Any CPU.Build.0 = Release|Any CPU
	EndGlobalSection
	GlobalSection(SolutionProperties) = preSolution
		HideSolutionNode = FALSE
	EndGlobalSection
	GlobalSection(ExtensibilityGlobals) = postSolution
		SolutionGuid = {62A365EE-1815-4C10-B91E-ECCDBD79B8BE}
	EndGlobalSection
EndGlobal
