<?xml version="1.0" encoding="utf-8"?>
<Project ToolsVersion="4.0" xmlns="http://schemas.microsoft.com/developer/msbuild/2003">
  <ItemGroup>
    <Filter Include="Source Files">
      <UniqueIdentifier>{4FC737F1-C7A5-4376-A066-2A32D752A2FF}</UniqueIdentifier>
      <Extensions>cpp;c;cxx;def;odl;idl;hpj;bat;asm;asmx</Extensions>
    </Filter>
    <Filter Include="Header Files">
      <UniqueIdentifier>{93995380-89BD-4b04-88EB-625FBE52EBFB}</UniqueIdentifier>
      <Extensions>h;hpp;hxx;hm;inl;inc;xsd</Extensions>
    </Filter>
    <Filter Include="Resource Files">
      <UniqueIdentifier>{67DA6AB6-F800-4c08-8B7A-83BB121AAD01}</UniqueIdentifier>
      <Extensions>rc;ico;cur;bmp;dlg;rct;bin;rgs;gif;jpg;jpeg;jpe;resx</Extensions>
    </Filter>
  </ItemGroup>
  <ItemGroup>
    <ClCompile Include="AcDbLayerTableRecord.cpp">
      <Filter>Source Files</Filter>
    </ClCompile>
    <ClCompile Include="AcDbPolyLine.cpp">
      <Filter>Source Files</Filter>
    </ClCompile>
    <ClCompile Include="AcDbText.cpp">
      <Filter>Source Files</Filter>
    </ClCompile>
    <ClCompile Include="BackupLog.cpp">
      <Filter>Source Files</Filter>
    </ClCompile>
    <ClCompile Include="CalibrateWago.cpp">
      <Filter>Source Files</Filter>
    </ClCompile>
    <ClCompile Include="CalibrationData.cpp">
      <Filter>Source Files</Filter>
    </ClCompile>
    <ClCompile Include="ControlWago750.cpp">
      <Filter>Source Files</Filter>
    </ClCompile>
    <ClCompile Include="ConvertData.cpp">
      <Filter>Source Files</Filter>
    </ClCompile>
    <ClCompile Include="DxfDrawing.cpp">
      <Filter>Source Files</Filter>
    </ClCompile>
    <ClCompile Include="DxfEntitiesSection.cpp">
      <Filter>Source Files</Filter>
    </ClCompile>
    <ClCompile Include="DxfExtMax.cpp">
      <Filter>Source Files</Filter>
    </ClCompile>
    <ClCompile Include="DxfExtMin.cpp">
      <Filter>Source Files</Filter>
    </ClCompile>
    <ClCompile Include="DxfFile.cpp">
      <Filter>Source Files</Filter>
    </ClCompile>
    <ClCompile Include="DxfHeaderSection.cpp">
      <Filter>Source Files</Filter>
    </ClCompile>
    <ClCompile Include="DxfLayer.cpp">
      <Filter>Source Files</Filter>
    </ClCompile>
    <ClCompile Include="DxfLayout.cpp">
      <Filter>Source Files</Filter>
    </ClCompile>
    <ClCompile Include="DxfMText.cpp">
      <Filter>Source Files</Filter>
    </ClCompile>
    <ClCompile Include="DxfPoint.cpp">
      <Filter>Source Files</Filter>
    </ClCompile>
    <ClCompile Include="DxfPolyLine.cpp">
      <Filter>Source Files</Filter>
    </ClCompile>
    <ClCompile Include="DxfRegionInfo.cpp">
      <Filter>Source Files</Filter>
    </ClCompile>
    <ClCompile Include="DxfTableSection.cpp">
      <Filter>Source Files</Filter>
    </ClCompile>
    <ClCompile Include="DxfText.cpp">
      <Filter>Source Files</Filter>
    </ClCompile>
    <ClCompile Include="DxfValid.cpp">
      <Filter>Source Files</Filter>
    </ClCompile>
    <ClCompile Include="DxfValue.cpp">
      <Filter>Source Files</Filter>
    </ClCompile>
    <ClCompile Include="EmgButtonOperation.cpp">
      <Filter>Source Files</Filter>
    </ClCompile>
    <ClCompile Include="ErrorLog.cpp">
      <Filter>Source Files</Filter>
    </ClCompile>
    <ClCompile Include="InitXML.cpp">
      <Filter>Source Files</Filter>
    </ClCompile>
    <ClCompile Include="IPSCommunication.cpp">
      <Filter>Source Files</Filter>
    </ClCompile>
    <ClCompile Include="ListButton.cpp">
      <Filter>Source Files</Filter>
    </ClCompile>
    <ClCompile Include="LoadXML.cpp">
      <Filter>Source Files</Filter>
    </ClCompile>
    <ClCompile Include="ManualControlDialog.cpp">
      <Filter>Source Files</Filter>
    </ClCompile>
    <ClCompile Include="ObjectDetails.cpp">
      <Filter>Source Files</Filter>
    </ClCompile>
    <ClCompile Include="PVCS v1.0.cpp">
      <Filter>Source Files</Filter>
    </ClCompile>
    <ClCompile Include="PVCSAlarmCtrl.cpp">
      <Filter>Source Files</Filter>
    </ClCompile>
    <ClCompile Include="PvcsAlarmObject.cpp">
      <Filter>Source Files</Filter>
    </ClCompile>
    <ClCompile Include="PvcsConfiguration.cpp">
      <Filter>Source Files</Filter>
    </ClCompile>
    <ClCompile Include="PvcsControlObject.cpp">
      <Filter>Source Files</Filter>
    </ClCompile>
    <ClCompile Include="PvcsControlObjectBallastPump.cpp">
      <Filter>Source Files</Filter>
    </ClCompile>
    <ClCompile Include="PvcsControlObjectBallastValve.cpp">
      <Filter>Source Files</Filter>
    </ClCompile>
    <ClCompile Include="PvcsControlObjectBallastValve2.cpp">
      <Filter>Source Files</Filter>
    </ClCompile>
    <ClCompile Include="PvcsControlObjectCargoValve.cpp">
      <Filter>Source Files</Filter>
    </ClCompile>
    <ClCompile Include="PvcsControlObjectCargoValve2.cpp">
      <Filter>Source Files</Filter>
    </ClCompile>
    <ClCompile Include="PvcsControlObjectDlgButton.cpp">
      <Filter>Source Files</Filter>
    </ClCompile>
    <ClCompile Include="PvcsControlObjectDlgSpinBox.cpp">
      <Filter>Source Files</Filter>
    </ClCompile>
    <ClCompile Include="PvcsControlObjectDlgSpinCtrl.cpp">
      <Filter>Source Files</Filter>
    </ClCompile>
    <ClCompile Include="PvcsControlObjectInfo.cpp">
      <Filter>Source Files</Filter>
    </ClCompile>
    <ClCompile Include="PvcsControlObjectNone.cpp">
      <Filter>Source Files</Filter>
    </ClCompile>
    <ClCompile Include="PvcsControlObjectSimplePump.cpp">
      <Filter>Source Files</Filter>
    </ClCompile>
    <ClCompile Include="PvcsControlObjectStatic.cpp">
      <Filter>Source Files</Filter>
    </ClCompile>
    <ClCompile Include="PvcsControlObjectTempSetPoint.cpp">
      <Filter>Source Files</Filter>
    </ClCompile>
    <ClCompile Include="PvcsControlObjectThrottleValve.cpp">
      <Filter>Source Files</Filter>
    </ClCompile>
    <ClCompile Include="PvcsControlObjectTimeOutInfo.cpp">
      <Filter>Source Files</Filter>
    </ClCompile>
    <ClCompile Include="PvcsDialogCargoClose.cpp">
      <Filter>Source Files</Filter>
    </ClCompile>
    <ClCompile Include="PvcsFrame.cpp">
      <Filter>Source Files</Filter>
    </ClCompile>
    <ClCompile Include="PvcsLegendView.cpp">
      <Filter>Source Files</Filter>
    </ClCompile>
    <ClCompile Include="PvcsLegendWnd.cpp">
      <Filter>Source Files</Filter>
    </ClCompile>
    <ClCompile Include="PvcsLodingDialog.cpp">
      <Filter>Source Files</Filter>
    </ClCompile>
    <ClCompile Include="PvcsObjectControlDlg.cpp">
      <Filter>Source Files</Filter>
    </ClCompile>
    <ClCompile Include="PvcsScreenFrame.cpp">
      <Filter>Source Files</Filter>
    </ClCompile>
    <ClCompile Include="PvcsScreenInfo.cpp">
      <Filter>Source Files</Filter>
    </ClCompile>
    <ClCompile Include="PvcsScreenThread.cpp">
      <Filter>Source Files</Filter>
    </ClCompile>
    <ClCompile Include="PvcsScreenView.cpp">
      <Filter>Source Files</Filter>
    </ClCompile>
    <ClCompile Include="PvcsShipData.cpp">
      <Filter>Source Files</Filter>
    </ClCompile>
    <ClCompile Include="PvcsShipView.cpp">
      <Filter>Source Files</Filter>
    </ClCompile>
    <ClCompile Include="PvcsSplitterLowerWnd.cpp">
      <Filter>Source Files</Filter>
    </ClCompile>
    <ClCompile Include="PvcsSplitterWnd.cpp">
      <Filter>Source Files</Filter>
    </ClCompile>
    <ClCompile Include="PvcsTankData.cpp">
      <Filter>Source Files</Filter>
    </ClCompile>
    <ClCompile Include="PvcsTankDlg.cpp">
      <Filter>Source Files</Filter>
    </ClCompile>
    <ClCompile Include="PvcsTankValueList.cpp">
      <Filter>Source Files</Filter>
    </ClCompile>
    <ClCompile Include="PvcsTankView.cpp">
      <Filter>Source Files</Filter>
    </ClCompile>
    <ClCompile Include="PvcsToolBar.cpp">
      <Filter>Source Files</Filter>
    </ClCompile>
    <ClCompile Include="PvcsToolBarAlarmButton.cpp">
      <Filter>Source Files</Filter>
    </ClCompile>
    <ClCompile Include="PvcsToolBarEmgButton.cpp">
      <Filter>Source Files</Filter>
    </ClCompile>
    <ClCompile Include="PvcsWagoConnectDlg.cpp">
      <Filter>Source Files</Filter>
    </ClCompile>
    <ClCompile Include="PvcsWAGOControl.cpp">
      <Filter>Source Files</Filter>
    </ClCompile>
    <ClCompile Include="PVCSWarningMessage.cpp">
      <Filter>Source Files</Filter>
    </ClCompile>
    <ClCompile Include="ReadDXFConfig.cpp">
      <Filter>Source Files</Filter>
    </ClCompile>
    <ClCompile Include="ReadLegends.cpp">
      <Filter>Source Files</Filter>
    </ClCompile>
    <ClCompile Include="ReadSystemConfig.cpp">
      <Filter>Source Files</Filter>
    </ClCompile>
    <ClCompile Include="ReadXMLTagNode.cpp">
      <Filter>Source Files</Filter>
    </ClCompile>
    <ClCompile Include="SendData.cpp">
      <Filter>Source Files</Filter>
    </ClCompile>
    <ClCompile Include="SplashDummy.cpp">
      <Filter>Source Files</Filter>
    </ClCompile>
    <ClCompile Include="SplashWnd.cpp">
      <Filter>Source Files</Filter>
    </ClCompile>
    <ClCompile Include="stdafx.cpp">
      <Filter>Source Files</Filter>
    </ClCompile>
    <ClCompile Include="TankData.cpp">
      <Filter>Source Files</Filter>
    </ClCompile>
    <ClCompile Include="TimeOutListWin.cpp">
      <Filter>Source Files</Filter>
    </ClCompile>
    <ClCompile Include="WAGOControlDialog.cpp">
      <Filter>Source Files</Filter>
    </ClCompile>
    <ClCompile Include="WagoUnitStatus.cpp">
      <Filter>Source Files</Filter>
    </ClCompile>
    <ClCompile Include="WarningMessage.cpp">
      <Filter>Source Files</Filter>
    </ClCompile>
    <ClCompile Include="Win32Exception.cpp">
      <Filter>Source Files</Filter>
    </ClCompile>
    <ClCompile Include="WriteLog.cpp">
      <Filter>Source Files</Filter>
    </ClCompile>
    <ClCompile Include="WriteTimeouts.cpp">
      <Filter>Source Files</Filter>
    </ClCompile>
    <ClCompile Include="WriteXML.cpp">
      <Filter>Source Files</Filter>
    </ClCompile>
    <ClCompile Include="DxfHatch.cpp">
      <Filter>Source Files</Filter>
    </ClCompile>
    <ClCompile Include="DxfLine.cpp">
      <Filter>Source Files</Filter>
    </ClCompile>
    <ClCompile Include="ProgressBar.cpp">
      <Filter>Source Files</Filter>
    </ClCompile>
    <ClCompile Include="PumpButtonOperation.cpp">
      <Filter>Source Files</Filter>
    </ClCompile>
    <ClCompile Include="PvcsControlObjectPowerPack.cpp">
      <Filter>Source Files</Filter>
    </ClCompile>
    <ClCompile Include="PvcsControlObjectSimplePump2.cpp">
      <Filter>Source Files</Filter>
    </ClCompile>
    <ClCompile Include="PvcsControlObjectStatus.cpp">
      <Filter>Source Files</Filter>
    </ClCompile>
    <ClCompile Include="PvcsToolBarPumpButton.cpp">
      <Filter>Source Files</Filter>
    </ClCompile>
    <ClCompile Include="PvcsPasswordDialog.cpp">
      <Filter>Source Files</Filter>
    </ClCompile>
    <ClCompile Include="PvcsControlObjectWartsilaPump.cpp">
      <Filter>Source Files</Filter>
    </ClCompile>
  </ItemGroup>
  <ItemGroup>
    <ClInclude Include="AcDbLayerTableRecord.h">
      <Filter>Header Files</Filter>
    </ClInclude>
    <ClInclude Include="AcDbPolyLine.h">
      <Filter>Header Files</Filter>
    </ClInclude>
    <ClInclude Include="AcDbText.h">
      <Filter>Header Files</Filter>
    </ClInclude>
    <ClInclude Include="AlarmData.h">
      <Filter>Header Files</Filter>
    </ClInclude>
    <ClInclude Include="BackupLog.h">
      <Filter>Header Files</Filter>
    </ClInclude>
    <ClInclude Include="CalibrateWago.h">
      <Filter>Header Files</Filter>
    </ClInclude>
    <ClInclude Include="CalibrationData.h">
      <Filter>Header Files</Filter>
    </ClInclude>
    <ClInclude Include="cominc.h">
      <Filter>Header Files</Filter>
    </ClInclude>
    <ClInclude Include="ControlWago750.h">
      <Filter>Header Files</Filter>
    </ClInclude>
    <ClInclude Include="ConvertData.h">
      <Filter>Header Files</Filter>
    </ClInclude>
    <ClInclude Include="DxfDrawing.h">
      <Filter>Header Files</Filter>
    </ClInclude>
    <ClInclude Include="DxfEntitiesSection.h">
      <Filter>Header Files</Filter>
    </ClInclude>
    <ClInclude Include="DxfExtMax.h">
      <Filter>Header Files</Filter>
    </ClInclude>
    <ClInclude Include="DxfExtMin.h">
      <Filter>Header Files</Filter>
    </ClInclude>
    <ClInclude Include="DxfFile.h">
      <Filter>Header Files</Filter>
    </ClInclude>
    <ClInclude Include="DxfHeaderSection.h">
      <Filter>Header Files</Filter>
    </ClInclude>
    <ClInclude Include="DxfLayer.h">
      <Filter>Header Files</Filter>
    </ClInclude>
    <ClInclude Include="DxfLayout.h">
      <Filter>Header Files</Filter>
    </ClInclude>
    <ClInclude Include="DxfMText.h">
      <Filter>Header Files</Filter>
    </ClInclude>
    <ClInclude Include="DxfNamespaces.h">
      <Filter>Header Files</Filter>
    </ClInclude>
    <ClInclude Include="DxfPoint.h">
      <Filter>Header Files</Filter>
    </ClInclude>
    <ClInclude Include="DxfPolyLine.h">
      <Filter>Header Files</Filter>
    </ClInclude>
    <ClInclude Include="DxfRegionInfo.h">
      <Filter>Header Files</Filter>
    </ClInclude>
    <ClInclude Include="DxfTableSection.h">
      <Filter>Header Files</Filter>
    </ClInclude>
    <ClInclude Include="DxfText.h">
      <Filter>Header Files</Filter>
    </ClInclude>
    <ClInclude Include="DxfValid.h">
      <Filter>Header Files</Filter>
    </ClInclude>
    <ClInclude Include="DxfValue.h">
      <Filter>Header Files</Filter>
    </ClInclude>
    <ClInclude Include="EmgButtonOperation.h">
      <Filter>Header Files</Filter>
    </ClInclude>
    <ClInclude Include="ErrorLog.h">
      <Filter>Header Files</Filter>
    </ClInclude>
    <ClInclude Include="InitXML.h">
      <Filter>Header Files</Filter>
    </ClInclude>
    <ClInclude Include="IPSCommunication.h">
      <Filter>Header Files</Filter>
    </ClInclude>
    <ClInclude Include="ListButton.h">
      <Filter>Header Files</Filter>
    </ClInclude>
    <ClInclude Include="LoadXML.h">
      <Filter>Header Files</Filter>
    </ClInclude>
    <ClInclude Include="ManualControlDialog.h">
      <Filter>Header Files</Filter>
    </ClInclude>
    <ClInclude Include="MBT.h">
      <Filter>Header Files</Filter>
    </ClInclude>
    <ClInclude Include="ObjectDetails.h">
      <Filter>Header Files</Filter>
    </ClInclude>
    <ClInclude Include="PVCS v1.0.h">
      <Filter>Header Files</Filter>
    </ClInclude>
    <ClInclude Include="PVCSAlarmCtrl.h">
      <Filter>Header Files</Filter>
    </ClInclude>
    <ClInclude Include="PvcsAlarmObject.h">
      <Filter>Header Files</Filter>
    </ClInclude>
    <ClInclude Include="PvcsConfiguration.h">
      <Filter>Header Files</Filter>
    </ClInclude>
    <ClInclude Include="PvcsControlObject.h">
      <Filter>Header Files</Filter>
    </ClInclude>
    <ClInclude Include="PvcsControlObjectBallastPump.h">
      <Filter>Header Files</Filter>
    </ClInclude>
    <ClInclude Include="PvcsControlObjectBallastValve.h">
      <Filter>Header Files</Filter>
    </ClInclude>
    <ClInclude Include="PvcsControlObjectBallastValve2.h">
      <Filter>Header Files</Filter>
    </ClInclude>
    <ClInclude Include="PvcsControlObjectCargoValve.h">
      <Filter>Header Files</Filter>
    </ClInclude>
    <ClInclude Include="PvcsControlObjectCargoValve2.h">
      <Filter>Header Files</Filter>
    </ClInclude>
    <ClInclude Include="PvcsControlObjectDlgButton.h">
      <Filter>Header Files</Filter>
    </ClInclude>
    <ClInclude Include="PvcsControlObjectDlgSpinBox.h">
      <Filter>Header Files</Filter>
    </ClInclude>
    <ClInclude Include="PvcsControlObjectDlgSpinCtrl.h">
      <Filter>Header Files</Filter>
    </ClInclude>
    <ClInclude Include="PvcsControlObjectInfo.h">
      <Filter>Header Files</Filter>
    </ClInclude>
    <ClInclude Include="PvcsControlObjectNone.h">
      <Filter>Header Files</Filter>
    </ClInclude>
    <ClInclude Include="PvcsControlObjectSimplePump.h">
      <Filter>Header Files</Filter>
    </ClInclude>
    <ClInclude Include="PvcsControlObjectStatic.h">
      <Filter>Header Files</Filter>
    </ClInclude>
    <ClInclude Include="PvcsControlObjectTempSetPoint.h">
      <Filter>Header Files</Filter>
    </ClInclude>
    <ClInclude Include="PvcsControlObjectThrottleValve.h">
      <Filter>Header Files</Filter>
    </ClInclude>
    <ClInclude Include="PvcsControlObjectTimeOutInfo.h">
      <Filter>Header Files</Filter>
    </ClInclude>
    <ClInclude Include="PvcsDialogCargoClose.h">
      <Filter>Header Files</Filter>
    </ClInclude>
    <ClInclude Include="PvcsFrame.h">
      <Filter>Header Files</Filter>
    </ClInclude>
    <ClInclude Include="PvcsLegendView.h">
      <Filter>Header Files</Filter>
    </ClInclude>
    <ClInclude Include="PvcsLegendWnd.h">
      <Filter>Header Files</Filter>
    </ClInclude>
    <ClInclude Include="PvcsLodingDialog.h">
      <Filter>Header Files</Filter>
    </ClInclude>
    <ClInclude Include="PvcsObjectControlDlg.h">
      <Filter>Header Files</Filter>
    </ClInclude>
    <ClInclude Include="PvcsScreenFrame.h">
      <Filter>Header Files</Filter>
    </ClInclude>
    <ClInclude Include="PvcsScreenInfo.h">
      <Filter>Header Files</Filter>
    </ClInclude>
    <ClInclude Include="PvcsScreenThread.h">
      <Filter>Header Files</Filter>
    </ClInclude>
    <ClInclude Include="PvcsScreenView.h">
      <Filter>Header Files</Filter>
    </ClInclude>
    <ClInclude Include="PvcsShipData.h">
      <Filter>Header Files</Filter>
    </ClInclude>
    <ClInclude Include="PvcsShipView.h">
      <Filter>Header Files</Filter>
    </ClInclude>
    <ClInclude Include="PvcsSplitterLowerWnd.h">
      <Filter>Header Files</Filter>
    </ClInclude>
    <ClInclude Include="PvcsSplitterWnd.h">
      <Filter>Header Files</Filter>
    </ClInclude>
    <ClInclude Include="PvcsTankData.h">
      <Filter>Header Files</Filter>
    </ClInclude>
    <ClInclude Include="PvcsTankDlg.h">
      <Filter>Header Files</Filter>
    </ClInclude>
    <ClInclude Include="PvcsTankValueList.h">
      <Filter>Header Files</Filter>
    </ClInclude>
    <ClInclude Include="PvcsTankView.h">
      <Filter>Header Files</Filter>
    </ClInclude>
    <ClInclude Include="PvcsToolBar.h">
      <Filter>Header Files</Filter>
    </ClInclude>
    <ClInclude Include="PvcsToolBarAlarmButton.h">
      <Filter>Header Files</Filter>
    </ClInclude>
    <ClInclude Include="PvcsToolBarEmgButton.h">
      <Filter>Header Files</Filter>
    </ClInclude>
    <ClInclude Include="PvcsWagoConnectDlg.h">
      <Filter>Header Files</Filter>
    </ClInclude>
    <ClInclude Include="PvcsWAGOControl.h">
      <Filter>Header Files</Filter>
    </ClInclude>
    <ClInclude Include="PVCSWarningMessage.h">
      <Filter>Header Files</Filter>
    </ClInclude>
    <ClInclude Include="ReadDXFConfig.h">
      <Filter>Header Files</Filter>
    </ClInclude>
    <ClInclude Include="ReadLegends.h">
      <Filter>Header Files</Filter>
    </ClInclude>
    <ClInclude Include="ReadSystemConfig.h">
      <Filter>Header Files</Filter>
    </ClInclude>
    <ClInclude Include="ReadXMLTagNode.h">
      <Filter>Header Files</Filter>
    </ClInclude>
    <ClInclude Include="Resource.h">
      <Filter>Header Files</Filter>
    </ClInclude>
    <ClInclude Include="SendData.h">
      <Filter>Header Files</Filter>
    </ClInclude>
    <ClInclude Include="SplashDummy.h">
      <Filter>Header Files</Filter>
    </ClInclude>
    <ClInclude Include="SplashWnd.h">
      <Filter>Header Files</Filter>
    </ClInclude>
    <ClInclude Include="stdafx.h">
      <Filter>Header Files</Filter>
    </ClInclude>
    <ClInclude Include="TankData.h">
      <Filter>Header Files</Filter>
    </ClInclude>
    <ClInclude Include="TimeOutListWin.h">
      <Filter>Header Files</Filter>
    </ClInclude>
    <ClInclude Include="WAGOControlDialog.h">
      <Filter>Header Files</Filter>
    </ClInclude>
    <ClInclude Include="WagoUnitStatus.h">
      <Filter>Header Files</Filter>
    </ClInclude>
    <ClInclude Include="WarningMessage.h">
      <Filter>Header Files</Filter>
    </ClInclude>
    <ClInclude Include="Win32Exception.h">
      <Filter>Header Files</Filter>
    </ClInclude>
    <ClInclude Include="WriteLog.h">
      <Filter>Header Files</Filter>
    </ClInclude>
    <ClInclude Include="WriteTimeouts.h">
      <Filter>Header Files</Filter>
    </ClInclude>
    <ClInclude Include="WriteXML.h">
      <Filter>Header Files</Filter>
    </ClInclude>
    <ClInclude Include="DxfHatch.h">
      <Filter>Header Files</Filter>
    </ClInclude>
    <ClInclude Include="DxfLine.h">
      <Filter>Header Files</Filter>
    </ClInclude>
    <ClInclude Include="MBTError.h">
      <Filter>Header Files</Filter>
    </ClInclude>
    <ClInclude Include="ProgressBar.h">
      <Filter>Header Files</Filter>
    </ClInclude>
    <ClInclude Include="PumpButtonOperation.h">
      <Filter>Header Files</Filter>
    </ClInclude>
    <ClInclude Include="PvcsControlObjectPowerPack.h">
      <Filter>Header Files</Filter>
    </ClInclude>
    <ClInclude Include="PvcsControlObjectSimplePump2.h">
      <Filter>Header Files</Filter>
    </ClInclude>
    <ClInclude Include="PvcsControlObjectStatus.h">
      <Filter>Header Files</Filter>
    </ClInclude>
    <ClInclude Include="PvcsToolBarPumpButton.h">
      <Filter>Header Files</Filter>
    </ClInclude>
    <ClInclude Include="PvcsPasswordDialog.h">
      <Filter>Header Files</Filter>
    </ClInclude>
    <ClInclude Include="PvcsControlObjectWartsilaPump.h">
      <Filter>Header Files</Filter>
    </ClInclude>
  </ItemGroup>
  <ItemGroup>
    <Image Include="res\bitmap2.bmp">
      <Filter>Resource Files</Filter>
    </Image>
    <Image Include="res\bitmap3.bmp">
      <Filter>Resource Files</Filter>
    </Image>
    <Image Include="res\Clip17.bmp">
      <Filter>Resource Files</Filter>
    </Image>
    <Image Include="res\PVCS v1.0.ico">
      <Filter>Resource Files</Filter>
    </Image>
    <Image Include="res\Toolbar.bmp">
      <Filter>Resource Files</Filter>
    </Image>
    <Image Include="res\toolbar1.bmp">
      <Filter>Resource Files</Filter>
    </Image>
  </ItemGroup>
  <ItemGroup>
    <None Include="MBT.dll">
      <Filter>Resource Files</Filter>
    </None>
    <None Include="ManualControlMessage.htm" />
    <None Include="PVCSWarningMessage.htm" />
    <None Include="PVCS v1.0.aps" />
  </ItemGroup>
  <ItemGroup>
    <Library Include="MBT.lib">
      <Filter>Resource Files</Filter>
    </Library>
  </ItemGroup>
  <ItemGroup>
    <Manifest Include="res\PVCS v1.0.manifest" />
  </ItemGroup>
  <ItemGroup>
    <Text Include="ReadMe.txt" />
  </ItemGroup>
  <ItemGroup>
    <ResourceCompile Include="PVCS v1.0.rc">
      <Filter>Resource Files</Filter>
    </ResourceCompile>
  </ItemGroup>
</Project>