<?xml version="1.0" encoding="utf-8"?>
<Project ToolsVersion="4.0" xmlns="http://schemas.microsoft.com/developer/msbuild/2003">
  <ItemGroup>
    <Filter Include="Application">
      <UniqueIdentifier>{7c11e553-9cb9-46b7-b9e6-434c4cb33255}</UniqueIdentifier>
    </Filter>
    <Filter Include="GUI">
      <UniqueIdentifier>{35990ef6-0fce-46fb-8635-5d71678c75bd}</UniqueIdentifier>
    </Filter>
    <Filter Include="GUI\Include">
      <UniqueIdentifier>{b3aa111d-a223-4e1f-9c1d-7331f509f311}</UniqueIdentifier>
    </Filter>
    <Filter Include="GUI\Library">
      <UniqueIdentifier>{5ddc6c2b-5187-4c09-9354-ac7601cf9ef8}</UniqueIdentifier>
    </Filter>
    <Filter Include="Sample">
      <UniqueIdentifier>{8306f860-bc4a-43fb-896e-c06f1aa31624}</UniqueIdentifier>
    </Filter>
    <Filter Include="Simulation">
      <UniqueIdentifier>{3099be5f-ec8b-4146-93c4-935027331ece}</UniqueIdentifier>
    </Filter>
  </ItemGroup>
  <ItemGroup>
    <ClCompile Include="Application\GUIDEMO.c">
      <Filter>Application</Filter>
    </ClCompile>
    <ClCompile Include="Application\GUIDEMO_Automotive.c">
      <Filter>Application</Filter>
    </ClCompile>
    <ClCompile Include="Application\GUIDEMO_Bitmap.c">
      <Filter>Application</Filter>
    </ClCompile>
    <ClCompile Include="Application\GUIDEMO_Bitmap4bpp.c">
      <Filter>Application</Filter>
    </ClCompile>
    <ClCompile Include="Application\GUIDEMO_Circle.c">
      <Filter>Application</Filter>
    </ClCompile>
    <ClCompile Include="Application\GUIDEMO_ColorBar.c">
      <Filter>Application</Filter>
    </ClCompile>
    <ClCompile Include="Application\GUIDEMO_ColorList.c">
      <Filter>Application</Filter>
    </ClCompile>
    <ClCompile Include="Application\GUIDEMO_Cursor.c">
      <Filter>Application</Filter>
    </ClCompile>
    <ClCompile Include="Application\GUIDEMO_Dialog.c">
      <Filter>Application</Filter>
    </ClCompile>
    <ClCompile Include="Application\GUIDEMO_Font.c">
      <Filter>Application</Filter>
    </ClCompile>
    <ClCompile Include="Application\GUIDEMO_FrameWin.c">
      <Filter>Application</Filter>
    </ClCompile>
    <ClCompile Include="Application\GUIDEMO_Graph.c">
      <Filter>Application</Filter>
    </ClCompile>
    <ClCompile Include="Application\GUIDEMO_HardwareInfo.c">
      <Filter>Application</Filter>
    </ClCompile>
    <ClCompile Include="Application\GUIDEMO_IconView.c">
      <Filter>Application</Filter>
    </ClCompile>
    <ClCompile Include="Application\GUIDEMO_ImageFlow.c">
      <Filter>Application</Filter>
    </ClCompile>
    <ClCompile Include="Application\GUIDEMO_Intro.c">
      <Filter>Application</Filter>
    </ClCompile>
    <ClCompile Include="Application\GUIDEMO_Listview.c">
      <Filter>Application</Filter>
    </ClCompile>
    <ClCompile Include="Application\GUIDEMO_LUT.c">
      <Filter>Application</Filter>
    </ClCompile>
    <ClCompile Include="Application\GUIDEMO_MemDevB.c">
      <Filter>Application</Filter>
    </ClCompile>
    <ClCompile Include="Application\GUIDEMO_Messagebox.c">
      <Filter>Application</Filter>
    </ClCompile>
    <ClCompile Include="Application\GUIDEMO_Navi.c">
      <Filter>Application</Filter>
    </ClCompile>
    <ClCompile Include="Application\GUIDEMO_Polygon.c">
      <Filter>Application</Filter>
    </ClCompile>
    <ClCompile Include="Application\GUIDEMO_ProgBar.c">
      <Filter>Application</Filter>
    </ClCompile>
    <ClCompile Include="Application\GUIDEMO_Speed.c">
      <Filter>Application</Filter>
    </ClCompile>
    <ClCompile Include="Application\GUIDEMO_Touch.c">
      <Filter>Application</Filter>
    </ClCompile>
    <ClCompile Include="Application\GUIDEMO_Treeview.c">
      <Filter>Application</Filter>
    </ClCompile>
    <ClCompile Include="Application\GUIDEMO_VScreen.c">
      <Filter>Application</Filter>
    </ClCompile>
    <ClCompile Include="Application\GUIDEMO_WashingMachine.c">
      <Filter>Application</Filter>
    </ClCompile>
    <ClCompile Include="Application\MainTask.c">
      <Filter>Application</Filter>
    </ClCompile>
    <ClCompile Include="Application\SeggerLogoBlue.c">
      <Filter>Application</Filter>
    </ClCompile>
    <ClCompile Include="Sample\Tutorial\2DGL_BMPExport.c">
      <Filter>Sample</Filter>
    </ClCompile>
    <ClCompile Include="Sample\Tutorial\2DGL_DrawBMP.c">
      <Filter>Sample</Filter>
    </ClCompile>
    <ClCompile Include="Sample\Tutorial\2DGL_DrawGIF.c">
      <Filter>Sample</Filter>
    </ClCompile>
    <ClCompile Include="Sample\Tutorial\2DGL_DrawJPEG.c">
      <Filter>Sample</Filter>
    </ClCompile>
    <ClCompile Include="Sample\Tutorial\2DGL_DrawJPEGScaled.c">
      <Filter>Sample</Filter>
    </ClCompile>
    <ClCompile Include="Sample\Tutorial\2DGL_DrawPolygon.c">
      <Filter>Sample</Filter>
    </ClCompile>
    <ClCompile Include="Sample\Tutorial\2DGL_DrawScale.c">
      <Filter>Sample</Filter>
    </ClCompile>
    <ClCompile Include="Sample\Tutorial\AA_HiResAntialiasing.c">
      <Filter>Sample</Filter>
    </ClCompile>
    <ClCompile Include="Sample\Tutorial\AA_HiResPixels.c">
      <Filter>Sample</Filter>
    </ClCompile>
    <ClCompile Include="Sample\Tutorial\AA_Lines.c">
      <Filter>Sample</Filter>
    </ClCompile>
    <ClCompile Include="Sample\Tutorial\AA_Text.c">
      <Filter>Sample</Filter>
    </ClCompile>
    <ClCompile Include="Sample\Tutorial\ALPHA_TransparentDialog.c">
      <Filter>Sample</Filter>
    </ClCompile>
    <ClCompile Include="Sample\Tutorial\BASIC_Hello1.c">
      <Filter>Sample</Filter>
    </ClCompile>
    <ClCompile Include="Sample\Tutorial\BASIC_HelloWorld.c">
      <Filter>Sample</Filter>
    </ClCompile>
    <ClCompile Include="Sample\Tutorial\COLOR_DemoLUT.c">
      <Filter>Sample</Filter>
    </ClCompile>
    <ClCompile Include="Sample\Tutorial\COLOR_ShowColorBar.c">
      <Filter>Sample</Filter>
    </ClCompile>
    <ClCompile Include="Sample\Tutorial\CURSOR_Sample.c">
      <Filter>Sample</Filter>
    </ClCompile>
    <ClCompile Include="Sample\Tutorial\DIALOG_All.c">
      <Filter>Sample</Filter>
    </ClCompile>
    <ClCompile Include="Sample\Tutorial\DIALOG_Count.c">
      <Filter>Sample</Filter>
    </ClCompile>
    <ClCompile Include="Sample\Tutorial\DIALOG_MessageBox.c">
      <Filter>Sample</Filter>
    </ClCompile>
    <ClCompile Include="Sample\Tutorial\DIALOG_NestedModal.c">
      <Filter>Sample</Filter>
    </ClCompile>
    <ClCompile Include="Sample\Tutorial\DIALOG_Radio.c">
      <Filter>Sample</Filter>
    </ClCompile>
    <ClCompile Include="Sample\Tutorial\DIALOG_SliderColor.c">
      <Filter>Sample</Filter>
    </ClCompile>
    <ClCompile Include="Sample\Tutorial\FONT_ShiftJIS.c">
      <Filter>Sample</Filter>
    </ClCompile>
    <ClCompile Include="Sample\Tutorial\FONT_ShowAllTTFs.c">
      <Filter>Sample</Filter>
    </ClCompile>
    <ClCompile Include="Sample\Tutorial\FONT_ThaiText.c">
      <Filter>Sample</Filter>
    </ClCompile>
    <ClCompile Include="Sample\Tutorial\MEMDEV_AutoDev.c">
      <Filter>Sample</Filter>
    </ClCompile>
    <ClCompile Include="Sample\Tutorial\MEMDEV_Banding.c">
      <Filter>Sample</Filter>
    </ClCompile>
    <ClCompile Include="Sample\Tutorial\MEMDEV_DrawGraph.c">
      <Filter>Sample</Filter>
    </ClCompile>
    <ClCompile Include="Sample\Tutorial\MEMDEV_FadeIn.c">
      <Filter>Sample</Filter>
    </ClCompile>
    <ClCompile Include="Sample\Tutorial\MEMDEV_MemDev.c">
      <Filter>Sample</Filter>
    </ClCompile>
    <ClCompile Include="Sample\Tutorial\MEMDEV_Printing.c">
      <Filter>Sample</Filter>
    </ClCompile>
    <ClCompile Include="Sample\Tutorial\MT_MultiTasking.c">
      <Filter>Sample</Filter>
    </ClCompile>
    <ClCompile Include="Sample\Tutorial\ProblemReport.c">
      <Filter>Sample</Filter>
    </ClCompile>
    <ClCompile Include="Sample\Tutorial\SIM_Hardkey.c">
      <Filter>Sample</Filter>
    </ClCompile>
    <ClCompile Include="Sample\Tutorial\StartApplication.c">
      <Filter>Sample</Filter>
    </ClCompile>
    <ClCompile Include="Sample\Tutorial\TOUCH_Calibrate.c">
      <Filter>Sample</Filter>
    </ClCompile>
    <ClCompile Include="Sample\Tutorial\TOUCH_Sample.c">
      <Filter>Sample</Filter>
    </ClCompile>
    <ClCompile Include="Sample\Tutorial\VNC.c">
      <Filter>Sample</Filter>
    </ClCompile>
    <ClCompile Include="Sample\Tutorial\VSCREEN_RealTime.c">
      <Filter>Sample</Filter>
    </ClCompile>
    <ClCompile Include="Sample\Tutorial\WIDGET_ButtonRound.c">
      <Filter>Sample</Filter>
    </ClCompile>
    <ClCompile Include="Sample\Tutorial\WIDGET_Dropdown.c">
      <Filter>Sample</Filter>
    </ClCompile>
    <ClCompile Include="Sample\Tutorial\WIDGET_Edit.c">
      <Filter>Sample</Filter>
    </ClCompile>
    <ClCompile Include="Sample\Tutorial\WIDGET_EditWinmode.c">
      <Filter>Sample</Filter>
    </ClCompile>
    <ClCompile Include="Sample\Tutorial\WIDGET_Effect.c">
      <Filter>Sample</Filter>
    </ClCompile>
    <ClCompile Include="Sample\Tutorial\WIDGET_FrameWin.c">
      <Filter>Sample</Filter>
    </ClCompile>
    <ClCompile Include="Sample\Tutorial\WIDGET_GraphXY.c">
      <Filter>Sample</Filter>
    </ClCompile>
    <ClCompile Include="Sample\Tutorial\WIDGET_GraphYT.c">
      <Filter>Sample</Filter>
    </ClCompile>
    <ClCompile Include="Sample\Tutorial\WIDGET_Header.c">
      <Filter>Sample</Filter>
    </ClCompile>
    <ClCompile Include="Sample\Tutorial\WIDGET_ListBox.c">
      <Filter>Sample</Filter>
    </ClCompile>
    <ClCompile Include="Sample\Tutorial\WIDGET_ListBoxOwnerDraw.c">
      <Filter>Sample</Filter>
    </ClCompile>
    <ClCompile Include="Sample\Tutorial\WIDGET_ListView.c">
      <Filter>Sample</Filter>
    </ClCompile>
    <ClCompile Include="Sample\Tutorial\WIDGET_Menu.c">
      <Filter>Sample</Filter>
    </ClCompile>
    <ClCompile Include="Sample\Tutorial\WIDGET_Multiedit.c">
      <Filter>Sample</Filter>
    </ClCompile>
    <ClCompile Include="Sample\Tutorial\WIDGET_MultieditTryIt.c">
      <Filter>Sample</Filter>
    </ClCompile>
    <ClCompile Include="Sample\Tutorial\WIDGET_Multipage.c">
      <Filter>Sample</Filter>
    </ClCompile>
    <ClCompile Include="Sample\Tutorial\WIDGET_NumPad.c">
      <Filter>Sample</Filter>
    </ClCompile>
    <ClCompile Include="Sample\Tutorial\WIDGET_PhoneButton.c">
      <Filter>Sample</Filter>
    </ClCompile>
    <ClCompile Include="Sample\Tutorial\WIDGET_PopupMenu.c">
      <Filter>Sample</Filter>
    </ClCompile>
    <ClCompile Include="Sample\Tutorial\WIDGET_Progbar.c">
      <Filter>Sample</Filter>
    </ClCompile>
    <ClCompile Include="Sample\Tutorial\WIDGET_ScrollbarMove.c">
      <Filter>Sample</Filter>
    </ClCompile>
    <ClCompile Include="Sample\Tutorial\WIDGET_SimpleButton.c">
      <Filter>Sample</Filter>
    </ClCompile>
    <ClCompile Include="Sample\Tutorial\WIDGET_SimpleListBox.c">
      <Filter>Sample</Filter>
    </ClCompile>
    <ClCompile Include="Sample\Tutorial\WIDGET_SimpleProgbar.c">
      <Filter>Sample</Filter>
    </ClCompile>
    <ClCompile Include="Sample\Tutorial\WIDGET_SortedListview.c">
      <Filter>Sample</Filter>
    </ClCompile>
    <ClCompile Include="Sample\Tutorial\WIDGET_Window.c">
      <Filter>Sample</Filter>
    </ClCompile>
    <ClCompile Include="Sample\Tutorial\WM_LateClipping.c">
      <Filter>Sample</Filter>
    </ClCompile>
    <ClCompile Include="Sample\Tutorial\WM_Redraw.c">
      <Filter>Sample</Filter>
    </ClCompile>
    <ClCompile Include="Sample\Tutorial\WM_Sample.c">
      <Filter>Sample</Filter>
    </ClCompile>
    <ClCompile Include="Sample\Tutorial\WM_Video.c">
      <Filter>Sample</Filter>
    </ClCompile>
    <ClCompile Include="Simulation\SIM_X.c">
      <Filter>Simulation</Filter>
    </ClCompile>
    <ClCompile Include="Simulation\WinMain.c">
      <Filter>Simulation</Filter>
    </ClCompile>
  </ItemGroup>
  <ItemGroup>
    <ClInclude Include="Application\GUIDEMO.H">
      <Filter>Application</Filter>
    </ClInclude>
    <ClInclude Include="Application\Map.h">
      <Filter>Application</Filter>
    </ClInclude>
    <ClInclude Include="GUI\Include\BUTTON.h">
      <Filter>GUI\Include</Filter>
    </ClInclude>
    <ClInclude Include="GUI\Include\BUTTON_Private.h">
      <Filter>GUI\Include</Filter>
    </ClInclude>
    <ClInclude Include="GUI\Include\CHECKBOX.h">
      <Filter>GUI\Include</Filter>
    </ClInclude>
    <ClInclude Include="GUI\Include\CHECKBOX_Private.h">
      <Filter>GUI\Include</Filter>
    </ClInclude>
    <ClInclude Include="GUI\Include\DIALOG.h">
      <Filter>GUI\Include</Filter>
    </ClInclude>
    <ClInclude Include="GUI\Include\DIALOG_Intern.h">
      <Filter>GUI\Include</Filter>
    </ClInclude>
    <ClInclude Include="GUI\Include\DROPDOWN.h">
      <Filter>GUI\Include</Filter>
    </ClInclude>
    <ClInclude Include="GUI\Include\DROPDOWN_Private.h">
      <Filter>GUI\Include</Filter>
    </ClInclude>
    <ClInclude Include="GUI\Include\EDIT.h">
      <Filter>GUI\Include</Filter>
    </ClInclude>
    <ClInclude Include="GUI\Include\EDIT_Private.h">
      <Filter>GUI\Include</Filter>
    </ClInclude>
    <ClInclude Include="GUI\Include\FRAMEWIN.h">
      <Filter>GUI\Include</Filter>
    </ClInclude>
    <ClInclude Include="GUI\Include\FRAMEWIN_Private.h">
      <Filter>GUI\Include</Filter>
    </ClInclude>
    <ClInclude Include="GUI\Include\Global.h">
      <Filter>GUI\Include</Filter>
    </ClInclude>
    <ClInclude Include="GUI\Include\GRAPH.h">
      <Filter>GUI\Include</Filter>
    </ClInclude>
    <ClInclude Include="GUI\Include\GRAPH_Private.h">
      <Filter>GUI\Include</Filter>
    </ClInclude>
    <ClInclude Include="GUI\Include\GUI.h">
      <Filter>GUI\Include</Filter>
    </ClInclude>
    <ClInclude Include="GUI\Include\GUI_ARRAY.h">
      <Filter>GUI\Include</Filter>
    </ClInclude>
    <ClInclude Include="GUI\Include\GUI_ARRAY_Private.h">
      <Filter>GUI\Include</Filter>
    </ClInclude>
    <ClInclude Include="GUI\Include\GUI_BMP_Private.h">
      <Filter>GUI\Include</Filter>
    </ClInclude>
    <ClInclude Include="GUI\Include\GUI_ConfDefaults.h">
      <Filter>GUI\Include</Filter>
    </ClInclude>
    <ClInclude Include="GUI\Include\GUI_FontIntern.h">
      <Filter>GUI\Include</Filter>
    </ClInclude>
    <ClInclude Include="GUI\Include\GUI_GIF_Private.h">
      <Filter>GUI\Include</Filter>
    </ClInclude>
    <ClInclude Include="GUI\Include\GUI_HOOK.h">
      <Filter>GUI\Include</Filter>
    </ClInclude>
    <ClInclude Include="GUI\Include\GUI_Private.h">
      <Filter>GUI\Include</Filter>
    </ClInclude>
    <ClInclude Include="GUI\Include\GUI_Protected.h">
      <Filter>GUI\Include</Filter>
    </ClInclude>
    <ClInclude Include="GUI\Include\GUI_SIM_NoWin32.h">
      <Filter>GUI\Include</Filter>
    </ClInclude>
    <ClInclude Include="GUI\Include\GUI_SIM_Win32.h">
      <Filter>GUI\Include</Filter>
    </ClInclude>
    <ClInclude Include="GUI\Include\GUI_VNC.h">
      <Filter>GUI\Include</Filter>
    </ClInclude>
    <ClInclude Include="GUI\Include\GUI_X.h">
      <Filter>GUI\Include</Filter>
    </ClInclude>
    <ClInclude Include="GUI\Include\GUIDebug.h">
      <Filter>GUI\Include</Filter>
    </ClInclude>
    <ClInclude Include="GUI\Include\GUIType.h">
      <Filter>GUI\Include</Filter>
    </ClInclude>
    <ClInclude Include="GUI\Include\GUIVersion.h">
      <Filter>GUI\Include</Filter>
    </ClInclude>
    <ClInclude Include="GUI\Include\HEADER.h">
      <Filter>GUI\Include</Filter>
    </ClInclude>
    <ClInclude Include="GUI\Include\HEADER_Private.h">
      <Filter>GUI\Include</Filter>
    </ClInclude>
    <ClInclude Include="GUI\Include\ICONVIEW.h">
      <Filter>GUI\Include</Filter>
    </ClInclude>
    <ClInclude Include="GUI\Include\ICONVIEW_Private.h">
      <Filter>GUI\Include</Filter>
    </ClInclude>
    <ClInclude Include="GUI\Include\LCD.h">
      <Filter>GUI\Include</Filter>
    </ClInclude>
    <ClInclude Include="GUI\Include\LCD_ConfDefaults.h">
      <Filter>GUI\Include</Filter>
    </ClInclude>
    <ClInclude Include="GUI\Include\LCD_Private.h">
      <Filter>GUI\Include</Filter>
    </ClInclude>
    <ClInclude Include="GUI\Include\LCD_Protected.h">
      <Filter>GUI\Include</Filter>
    </ClInclude>
    <ClInclude Include="GUI\Include\LCDSIM.h">
      <Filter>GUI\Include</Filter>
    </ClInclude>
    <ClInclude Include="GUI\Include\LCDSIM_Private.h">
      <Filter>GUI\Include</Filter>
    </ClInclude>
    <ClInclude Include="GUI\Include\LISTBOX.h">
      <Filter>GUI\Include</Filter>
    </ClInclude>
    <ClInclude Include="GUI\Include\LISTBOX_Private.h">
      <Filter>GUI\Include</Filter>
    </ClInclude>
    <ClInclude Include="GUI\Include\LISTVIEW.h">
      <Filter>GUI\Include</Filter>
    </ClInclude>
    <ClInclude Include="GUI\Include\LISTVIEW_Private.h">
      <Filter>GUI\Include</Filter>
    </ClInclude>
    <ClInclude Include="GUI\Include\MENU.h">
      <Filter>GUI\Include</Filter>
    </ClInclude>
    <ClInclude Include="GUI\Include\MENU_Private.h">
      <Filter>GUI\Include</Filter>
    </ClInclude>
    <ClInclude Include="GUI\Include\MESSAGEBOX.h">
      <Filter>GUI\Include</Filter>
    </ClInclude>
    <ClInclude Include="GUI\Include\MULTIEDIT.h">
      <Filter>GUI\Include</Filter>
    </ClInclude>
    <ClInclude Include="GUI\Include\MULTIPAGE.h">
      <Filter>GUI\Include</Filter>
    </ClInclude>
    <ClInclude Include="GUI\Include\MULTIPAGE_Private.h">
      <Filter>GUI\Include</Filter>
    </ClInclude>
    <ClInclude Include="GUI\Include\PROGBAR.h">
      <Filter>GUI\Include</Filter>
    </ClInclude>
    <ClInclude Include="GUI\Include\PROGBAR_Private.h">
      <Filter>GUI\Include</Filter>
    </ClInclude>
    <ClInclude Include="GUI\Include\RADIO.h">
      <Filter>GUI\Include</Filter>
    </ClInclude>
    <ClInclude Include="GUI\Include\RADIO_Private.h">
      <Filter>GUI\Include</Filter>
    </ClInclude>
    <ClInclude Include="GUI\Include\SCROLLBAR.h">
      <Filter>GUI\Include</Filter>
    </ClInclude>
    <ClInclude Include="GUI\Include\SCROLLBAR_Private.h">
      <Filter>GUI\Include</Filter>
    </ClInclude>
    <ClInclude Include="GUI\Include\SIM.h">
      <Filter>GUI\Include</Filter>
    </ClInclude>
    <ClInclude Include="GUI\Include\SIM_GetRegions.h">
      <Filter>GUI\Include</Filter>
    </ClInclude>
    <ClInclude Include="GUI\Include\SLIDER.h">
      <Filter>GUI\Include</Filter>
    </ClInclude>
    <ClInclude Include="GUI\Include\SLIDER_Private.h">
      <Filter>GUI\Include</Filter>
    </ClInclude>
    <ClInclude Include="GUI\Include\TEXT.h">
      <Filter>GUI\Include</Filter>
    </ClInclude>
    <ClInclude Include="GUI\Include\TEXT_Private.h">
      <Filter>GUI\Include</Filter>
    </ClInclude>
    <ClInclude Include="GUI\Include\TREEVIEW.h">
      <Filter>GUI\Include</Filter>
    </ClInclude>
    <ClInclude Include="GUI\Include\TREEVIEW_Private.h">
      <Filter>GUI\Include</Filter>
    </ClInclude>
    <ClInclude Include="GUI\Include\WIDGET.h">
      <Filter>GUI\Include</Filter>
    </ClInclude>
    <ClInclude Include="GUI\Include\WINDOW_Private.h">
      <Filter>GUI\Include</Filter>
    </ClInclude>
    <ClInclude Include="GUI\Include\WM.h">
      <Filter>GUI\Include</Filter>
    </ClInclude>
    <ClInclude Include="GUI\Include\WM_GUI.h">
      <Filter>GUI\Include</Filter>
    </ClInclude>
    <ClInclude Include="GUI\Include\WM_Intern.h">
      <Filter>GUI\Include</Filter>
    </ClInclude>
    <ClInclude Include="GUI\Include\WM_Intern_ConfDep.h">
      <Filter>GUI\Include</Filter>
    </ClInclude>
    <ClInclude Include="Config\GUIConf.h">
      <Filter>GUI</Filter>
    </ClInclude>
    <ClInclude Include="Config\LCDConf.h">
      <Filter>GUI</Filter>
    </ClInclude>
  </ItemGroup>
  <ItemGroup>
    <Library Include="GUI\Library\GUI.lib">
      <Filter>GUI\Library</Filter>
    </Library>
    <Library Include="Simulation\GUISim.lib">
      <Filter>Simulation</Filter>
    </Library>
  </ItemGroup>
  <ItemGroup>
    <Image Include="Exe\Device.bmp">
      <Filter>Simulation</Filter>
    </Image>
    <Image Include="Exe\Device1.bmp">
      <Filter>Simulation</Filter>
    </Image>
  </ItemGroup>
  <ItemGroup>
    <Resource Include="Simulation\Simulation.res">
      <Filter>Simulation</Filter>
    </Resource>
  </ItemGroup>
</Project>